// !$*UTF8*$!
{
	archiveVersion = 1;
	classes = {
	};
	objectVersion = 55;
	objects = {

/* Begin PBXBuildFile section */
		046904012909267900A232D7 /* SigninView.swift in Sources */ = {isa = PBXBuildFile; fileRef = 046904002909267800A232D7 /* SigninView.swift */; };
		046904022909267900A232D7 /* SigninView.swift in Sources */ = {isa = PBXBuildFile; fileRef = 046904002909267800A232D7 /* SigninView.swift */; };
		0473AC7F290BBBAF00ABB348 /* Settings.swift in Sources */ = {isa = PBXBuildFile; fileRef = 0473AC7E290BBBAE00ABB348 /* Settings.swift */; };
		0473AC81290BBBCD00ABB348 /* Audiograms.swift in Sources */ = {isa = PBXBuildFile; fileRef = 0473AC80290BBBCD00ABB348 /* Audiograms.swift */; };
		0473AC83290BBBE500ABB348 /* Records.swift in Sources */ = {isa = PBXBuildFile; fileRef = 0473AC82290BBBE500ABB348 /* Records.swift */; };
		0473AC86290BBDDB00ABB348 /* Folders.swift in Sources */ = {isa = PBXBuildFile; fileRef = 0473AC85290BBDDB00ABB348 /* Folders.swift */; };
		0473AC88290BC0E100ABB348 /* MainView.swift in Sources */ = {isa = PBXBuildFile; fileRef = 0473AC87290BC0E100ABB348 /* MainView.swift */; };
		0473AC8A290BC94300ABB348 /* MainRouter.swift in Sources */ = {isa = PBXBuildFile; fileRef = 0473AC89290BC94300ABB348 /* MainRouter.swift */; };
		04FEB3F329070B6B008844DE /* Tests_iOS.swift in Sources */ = {isa = PBXBuildFile; fileRef = 04FEB3F229070B6B008844DE /* Tests_iOS.swift */; };
		04FEB3F529070B6B008844DE /* Tests_iOSLaunchTests.swift in Sources */ = {isa = PBXBuildFile; fileRef = 04FEB3F429070B6B008844DE /* Tests_iOSLaunchTests.swift */; };
		04FEB3FF29070B6B008844DE /* Tests_macOS.swift in Sources */ = {isa = PBXBuildFile; fileRef = 04FEB3FE29070B6B008844DE /* Tests_macOS.swift */; };
		04FEB40129070B6B008844DE /* Tests_macOSLaunchTests.swift in Sources */ = {isa = PBXBuildFile; fileRef = 04FEB40029070B6B008844DE /* Tests_macOSLaunchTests.swift */; };
		04FEB40229070B6B008844DE /* OROApp.swift in Sources */ = {isa = PBXBuildFile; fileRef = 04FEB3DA29070B66008844DE /* OROApp.swift */; };
		04FEB40329070B6B008844DE /* OROApp.swift in Sources */ = {isa = PBXBuildFile; fileRef = 04FEB3DA29070B66008844DE /* OROApp.swift */; };
		04FEB40429070B6B008844DE /* SplashView.swift in Sources */ = {isa = PBXBuildFile; fileRef = 04FEB3DB29070B66008844DE /* SplashView.swift */; };
		04FEB40529070B6B008844DE /* SplashView.swift in Sources */ = {isa = PBXBuildFile; fileRef = 04FEB3DB29070B66008844DE /* SplashView.swift */; };
		04FEB40629070B6B008844DE /* Assets.xcassets in Resources */ = {isa = PBXBuildFile; fileRef = 04FEB3DC29070B6A008844DE /* Assets.xcassets */; };
		04FEB40729070B6B008844DE /* Assets.xcassets in Resources */ = {isa = PBXBuildFile; fileRef = 04FEB3DC29070B6A008844DE /* Assets.xcassets */; };
		A721A9DA291FCD89005E043B /* AudioPlayer.swift in Sources */ = {isa = PBXBuildFile; fileRef = A721A9D9291FCD89005E043B /* AudioPlayer.swift */; };
		A721A9DB291FCD89005E043B /* AudioPlayer.swift in Sources */ = {isa = PBXBuildFile; fileRef = A721A9D9291FCD89005E043B /* AudioPlayer.swift */; };
		A721A9DD291FCDD7005E043B /* AudioRecorder.swift in Sources */ = {isa = PBXBuildFile; fileRef = A721A9DC291FCDD7005E043B /* AudioRecorder.swift */; };
		A721A9DE291FCDD7005E043B /* AudioRecorder.swift in Sources */ = {isa = PBXBuildFile; fileRef = A721A9DC291FCDD7005E043B /* AudioRecorder.swift */; };
		A721A9E0291FCEA2005E043B /* AudioExtensions.swift in Sources */ = {isa = PBXBuildFile; fileRef = A721A9DF291FCEA2005E043B /* AudioExtensions.swift */; };
		A721A9E1291FCEA2005E043B /* AudioExtensions.swift in Sources */ = {isa = PBXBuildFile; fileRef = A721A9DF291FCEA2005E043B /* AudioExtensions.swift */; };
		A721A9E3291FCEDE005E043B /* AudioHelper.swift in Sources */ = {isa = PBXBuildFile; fileRef = A721A9E2291FCEDE005E043B /* AudioHelper.swift */; };
		A721A9E4291FCEDE005E043B /* AudioHelper.swift in Sources */ = {isa = PBXBuildFile; fileRef = A721A9E2291FCEDE005E043B /* AudioHelper.swift */; };
		A721A9E6291FCF15005E043B /* AudioRecodingDataModel.swift in Sources */ = {isa = PBXBuildFile; fileRef = A721A9E5291FCF15005E043B /* AudioRecodingDataModel.swift */; };
		A721A9E7291FCF15005E043B /* AudioRecodingDataModel.swift in Sources */ = {isa = PBXBuildFile; fileRef = A721A9E5291FCF15005E043B /* AudioRecodingDataModel.swift */; };
		A72F7F142922B15C00C093F4 /* Waveform in Frameworks */ = {isa = PBXBuildFile; productRef = A72F7F132922B15C00C093F4 /* Waveform */; };
		A7C077E8291E6F040011C3A6 /* FirebaseAnalytics in Frameworks */ = {isa = PBXBuildFile; productRef = A7C077E7291E6F040011C3A6 /* FirebaseAnalytics */; };
		A7C077EA291E6F040011C3A6 /* FirebaseAuth in Frameworks */ = {isa = PBXBuildFile; productRef = A7C077E9291E6F040011C3A6 /* FirebaseAuth */; };
		A7C077EC291E6F040011C3A6 /* FirebaseDatabase in Frameworks */ = {isa = PBXBuildFile; productRef = A7C077EB291E6F040011C3A6 /* FirebaseDatabase */; };
		A7C077EE291E6F040011C3A6 /* FirebaseFirestore in Frameworks */ = {isa = PBXBuildFile; productRef = A7C077ED291E6F040011C3A6 /* FirebaseFirestore */; };
		A7C077F0291E6F040011C3A6 /* FirebaseMessaging in Frameworks */ = {isa = PBXBuildFile; productRef = A7C077EF291E6F040011C3A6 /* FirebaseMessaging */; };
		A7C077F2291E6F040011C3A6 /* FirebaseStorage in Frameworks */ = {isa = PBXBuildFile; productRef = A7C077F1291E6F040011C3A6 /* FirebaseStorage */; };
		A7C077F4291E6FF60011C3A6 /* SignupView.swift in Sources */ = {isa = PBXBuildFile; fileRef = A7C077F3291E6FF60011C3A6 /* SignupView.swift */; };
		A7C077F5291E6FF60011C3A6 /* SignupView.swift in Sources */ = {isa = PBXBuildFile; fileRef = A7C077F3291E6FF60011C3A6 /* SignupView.swift */; };
		A7C07800291ECA8D0011C3A6 /* GoogleService-Info.plist in Resources */ = {isa = PBXBuildFile; fileRef = A7C077FF291ECA8D0011C3A6 /* GoogleService-Info.plist */; };
		A7C07801291ECA8D0011C3A6 /* GoogleService-Info.plist in Resources */ = {isa = PBXBuildFile; fileRef = A7C077FF291ECA8D0011C3A6 /* GoogleService-Info.plist */; };
/* End PBXBuildFile section */

/* Begin PBXContainerItemProxy section */
		04FEB3EF29070B6B008844DE /* PBXContainerItemProxy */ = {
			isa = PBXContainerItemProxy;
			containerPortal = 04FEB3D529070B65008844DE /* Project object */;
			proxyType = 1;
			remoteGlobalIDString = 04FEB3E029070B6A008844DE;
			remoteInfo = "ORO (iOS)";
		};
		04FEB3FB29070B6B008844DE /* PBXContainerItemProxy */ = {
			isa = PBXContainerItemProxy;
			containerPortal = 04FEB3D529070B65008844DE /* Project object */;
			proxyType = 1;
			remoteGlobalIDString = 04FEB3E629070B6B008844DE;
			remoteInfo = "ORO (macOS)";
		};
/* End PBXContainerItemProxy section */

/* Begin PBXFileReference section */
		046904002909267800A232D7 /* SigninView.swift */ = {isa = PBXFileReference; lastKnownFileType = sourcecode.swift; path = SigninView.swift; sourceTree = "<group>"; };
		0473AC7E290BBBAE00ABB348 /* Settings.swift */ = {isa = PBXFileReference; lastKnownFileType = sourcecode.swift; path = Settings.swift; sourceTree = "<group>"; };
		0473AC80290BBBCD00ABB348 /* Audiograms.swift */ = {isa = PBXFileReference; lastKnownFileType = sourcecode.swift; path = Audiograms.swift; sourceTree = "<group>"; };
		0473AC82290BBBE500ABB348 /* Records.swift */ = {isa = PBXFileReference; lastKnownFileType = sourcecode.swift; path = Records.swift; sourceTree = "<group>"; };
		0473AC85290BBDDB00ABB348 /* Folders.swift */ = {isa = PBXFileReference; lastKnownFileType = sourcecode.swift; path = Folders.swift; sourceTree = "<group>"; };
		0473AC87290BC0E100ABB348 /* MainView.swift */ = {isa = PBXFileReference; lastKnownFileType = sourcecode.swift; path = MainView.swift; sourceTree = "<group>"; };
		0473AC89290BC94300ABB348 /* MainRouter.swift */ = {isa = PBXFileReference; lastKnownFileType = sourcecode.swift; path = MainRouter.swift; sourceTree = "<group>"; };
		04FEB3DA29070B66008844DE /* OROApp.swift */ = {isa = PBXFileReference; lastKnownFileType = sourcecode.swift; path = OROApp.swift; sourceTree = "<group>"; };
		04FEB3DB29070B66008844DE /* SplashView.swift */ = {isa = PBXFileReference; lastKnownFileType = sourcecode.swift; path = SplashView.swift; sourceTree = "<group>"; };
		04FEB3DC29070B6A008844DE /* Assets.xcassets */ = {isa = PBXFileReference; lastKnownFileType = folder.assetcatalog; path = Assets.xcassets; sourceTree = "<group>"; };
		04FEB3E129070B6B008844DE /* ORO.app */ = {isa = PBXFileReference; explicitFileType = wrapper.application; includeInIndex = 0; path = ORO.app; sourceTree = BUILT_PRODUCTS_DIR; };
		04FEB3E729070B6B008844DE /* ORO.app */ = {isa = PBXFileReference; explicitFileType = wrapper.application; includeInIndex = 0; path = ORO.app; sourceTree = BUILT_PRODUCTS_DIR; };
		04FEB3E929070B6B008844DE /* macOS.entitlements */ = {isa = PBXFileReference; lastKnownFileType = text.plist.entitlements; path = macOS.entitlements; sourceTree = "<group>"; };
		04FEB3EE29070B6B008844DE /* Tests iOS.xctest */ = {isa = PBXFileReference; explicitFileType = wrapper.cfbundle; includeInIndex = 0; path = "Tests iOS.xctest"; sourceTree = BUILT_PRODUCTS_DIR; };
		04FEB3F229070B6B008844DE /* Tests_iOS.swift */ = {isa = PBXFileReference; lastKnownFileType = sourcecode.swift; path = Tests_iOS.swift; sourceTree = "<group>"; };
		04FEB3F429070B6B008844DE /* Tests_iOSLaunchTests.swift */ = {isa = PBXFileReference; lastKnownFileType = sourcecode.swift; path = Tests_iOSLaunchTests.swift; sourceTree = "<group>"; };
		04FEB3FA29070B6B008844DE /* Tests macOS.xctest */ = {isa = PBXFileReference; explicitFileType = wrapper.cfbundle; includeInIndex = 0; path = "Tests macOS.xctest"; sourceTree = BUILT_PRODUCTS_DIR; };
		04FEB3FE29070B6B008844DE /* Tests_macOS.swift */ = {isa = PBXFileReference; lastKnownFileType = sourcecode.swift; path = Tests_macOS.swift; sourceTree = "<group>"; };
		04FEB40029070B6B008844DE /* Tests_macOSLaunchTests.swift */ = {isa = PBXFileReference; lastKnownFileType = sourcecode.swift; path = Tests_macOSLaunchTests.swift; sourceTree = "<group>"; };
		A721A9D9291FCD89005E043B /* AudioPlayer.swift */ = {isa = PBXFileReference; lastKnownFileType = sourcecode.swift; path = AudioPlayer.swift; sourceTree = "<group>"; };
		A721A9DC291FCDD7005E043B /* AudioRecorder.swift */ = {isa = PBXFileReference; lastKnownFileType = sourcecode.swift; path = AudioRecorder.swift; sourceTree = "<group>"; };
		A721A9DF291FCEA2005E043B /* AudioExtensions.swift */ = {isa = PBXFileReference; lastKnownFileType = sourcecode.swift; path = AudioExtensions.swift; sourceTree = "<group>"; };
		A721A9E2291FCEDE005E043B /* AudioHelper.swift */ = {isa = PBXFileReference; lastKnownFileType = sourcecode.swift; path = AudioHelper.swift; sourceTree = "<group>"; };
		A721A9E5291FCF15005E043B /* AudioRecodingDataModel.swift */ = {isa = PBXFileReference; lastKnownFileType = sourcecode.swift; path = AudioRecodingDataModel.swift; sourceTree = "<group>"; };
		A7C077F3291E6FF60011C3A6 /* SignupView.swift */ = {isa = PBXFileReference; lastKnownFileType = sourcecode.swift; path = SignupView.swift; sourceTree = "<group>"; };
		A7C077FF291ECA8D0011C3A6 /* GoogleService-Info.plist */ = {isa = PBXFileReference; fileEncoding = 4; lastKnownFileType = text.plist.xml; path = "GoogleService-Info.plist"; sourceTree = "<group>"; };
/* End PBXFileReference section */

/* Begin PBXFrameworksBuildPhase section */
		04FEB3DE29070B6A008844DE /* Frameworks */ = {
			isa = PBXFrameworksBuildPhase;
			buildActionMask = 2147483647;
			files = (
				A7C077EC291E6F040011C3A6 /* FirebaseDatabase in Frameworks */,
				A7C077EE291E6F040011C3A6 /* FirebaseFirestore in Frameworks */,
				A7C077F0291E6F040011C3A6 /* FirebaseMessaging in Frameworks */,
				A7C077E8291E6F040011C3A6 /* FirebaseAnalytics in Frameworks */,
				A7C077EA291E6F040011C3A6 /* FirebaseAuth in Frameworks */,
				A72F7F142922B15C00C093F4 /* Waveform in Frameworks */,
				A7C077F2291E6F040011C3A6 /* FirebaseStorage in Frameworks */,
			);
			runOnlyForDeploymentPostprocessing = 0;
		};
		04FEB3E429070B6B008844DE /* Frameworks */ = {
			isa = PBXFrameworksBuildPhase;
			buildActionMask = 2147483647;
			files = (
			);
			runOnlyForDeploymentPostprocessing = 0;
		};
		04FEB3EB29070B6B008844DE /* Frameworks */ = {
			isa = PBXFrameworksBuildPhase;
			buildActionMask = 2147483647;
			files = (
			);
			runOnlyForDeploymentPostprocessing = 0;
		};
		04FEB3F729070B6B008844DE /* Frameworks */ = {
			isa = PBXFrameworksBuildPhase;
			buildActionMask = 2147483647;
			files = (
			);
			runOnlyForDeploymentPostprocessing = 0;
		};
/* End PBXFrameworksBuildPhase section */

/* Begin PBXGroup section */
		046903FA290921C200A232D7 /* Splash */ = {
			isa = PBXGroup;
			children = (
				04FEB3DB29070B66008844DE /* SplashView.swift */,
			);
			path = Splash;
			sourceTree = "<group>";
		};
		046903FF2909263400A232D7 /* Auth */ = {
			isa = PBXGroup;
			children = (
				046904002909267800A232D7 /* SigninView.swift */,
				A7C077F3291E6FF60011C3A6 /* SignupView.swift */,
			);
			path = Auth;
			sourceTree = "<group>";
		};
		0473AC7A290BB9D300ABB348 /* Main */ = {
			isa = PBXGroup;
			children = (
				0473AC84290BBDB600ABB348 /* Folders */,
				0473AC7D290BBB2700ABB348 /* Settings */,
				0473AC7C290BBB0D00ABB348 /* Audiograms */,
				0473AC7B290BBAE200ABB348 /* Records */,
				0473AC87290BC0E100ABB348 /* MainView.swift */,
				0473AC89290BC94300ABB348 /* MainRouter.swift */,
			);
			path = Main;
			sourceTree = "<group>";
		};
		0473AC7B290BBAE200ABB348 /* Records */ = {
			isa = PBXGroup;
			children = (
				0473AC82290BBBE500ABB348 /* Records.swift */,
			);
			path = Records;
			sourceTree = "<group>";
		};
		0473AC7C290BBB0D00ABB348 /* Audiograms */ = {
			isa = PBXGroup;
			children = (
				0473AC80290BBBCD00ABB348 /* Audiograms.swift */,
			);
			path = Audiograms;
			sourceTree = "<group>";
		};
		0473AC7D290BBB2700ABB348 /* Settings */ = {
			isa = PBXGroup;
			children = (
				0473AC7E290BBBAE00ABB348 /* Settings.swift */,
			);
			path = Settings;
			sourceTree = "<group>";
		};
		0473AC84290BBDB600ABB348 /* Folders */ = {
			isa = PBXGroup;
			children = (
				0473AC85290BBDDB00ABB348 /* Folders.swift */,
			);
			path = Folders;
			sourceTree = "<group>";
		};
		04FEB3D429070B65008844DE = {
			isa = PBXGroup;
			children = (
				04FEB3D929070B65008844DE /* Shared */,
				04FEB3E829070B6B008844DE /* macOS */,
				04FEB3F129070B6B008844DE /* Tests iOS */,
				04FEB3FD29070B6B008844DE /* Tests macOS */,
				04FEB3E229070B6B008844DE /* Products */,
			);
			sourceTree = "<group>";
		};
		04FEB3D929070B65008844DE /* Shared */ = {
			isa = PBXGroup;
			children = (
				A721A9E829212EDA005E043B /* StorageManager */,
				A721A9D6291FCD17005E043B /* AudioManager */,
				A7C077FF291ECA8D0011C3A6 /* GoogleService-Info.plist */,
				0473AC7A290BB9D300ABB348 /* Main */,
				046903FF2909263400A232D7 /* Auth */,
				046903FA290921C200A232D7 /* Splash */,
				04FEB3DA29070B66008844DE /* OROApp.swift */,
				04FEB3DC29070B6A008844DE /* Assets.xcassets */,
			);
			path = Shared;
			sourceTree = "<group>";
		};
		04FEB3E229070B6B008844DE /* Products */ = {
			isa = PBXGroup;
			children = (
				04FEB3E129070B6B008844DE /* ORO.app */,
				04FEB3E729070B6B008844DE /* ORO.app */,
				04FEB3EE29070B6B008844DE /* Tests iOS.xctest */,
				04FEB3FA29070B6B008844DE /* Tests macOS.xctest */,
			);
			name = Products;
			sourceTree = "<group>";
		};
		04FEB3E829070B6B008844DE /* macOS */ = {
			isa = PBXGroup;
			children = (
				04FEB3E929070B6B008844DE /* macOS.entitlements */,
			);
			path = macOS;
			sourceTree = "<group>";
		};
		04FEB3F129070B6B008844DE /* Tests iOS */ = {
			isa = PBXGroup;
			children = (
				04FEB3F229070B6B008844DE /* Tests_iOS.swift */,
				04FEB3F429070B6B008844DE /* Tests_iOSLaunchTests.swift */,
			);
			path = "Tests iOS";
			sourceTree = "<group>";
		};
		04FEB3FD29070B6B008844DE /* Tests macOS */ = {
			isa = PBXGroup;
			children = (
				04FEB3FE29070B6B008844DE /* Tests_macOS.swift */,
				04FEB40029070B6B008844DE /* Tests_macOSLaunchTests.swift */,
			);
			path = "Tests macOS";
			sourceTree = "<group>";
		};
		A721A9D6291FCD17005E043B /* AudioManager */ = {
			isa = PBXGroup;
			children = (
				A721A9D9291FCD89005E043B /* AudioPlayer.swift */,
				A721A9DC291FCDD7005E043B /* AudioRecorder.swift */,
				A721A9DF291FCEA2005E043B /* AudioExtensions.swift */,
				A721A9E2291FCEDE005E043B /* AudioHelper.swift */,
				A721A9E5291FCF15005E043B /* AudioRecodingDataModel.swift */,
			);
			path = AudioManager;
			sourceTree = "<group>";
		};
		A721A9E829212EDA005E043B /* StorageManager */ = {
			isa = PBXGroup;
			children = (
			);
			path = StorageManager;
			sourceTree = "<group>";
		};
/* End PBXGroup section */

/* Begin PBXNativeTarget section */
		04FEB3E029070B6A008844DE /* ORO (iOS) */ = {
			isa = PBXNativeTarget;
			buildConfigurationList = 04FEB40A29070B6B008844DE /* Build configuration list for PBXNativeTarget "ORO (iOS)" */;
			buildPhases = (
				04FEB3DD29070B6A008844DE /* Sources */,
				04FEB3DE29070B6A008844DE /* Frameworks */,
				04FEB3DF29070B6A008844DE /* Resources */,
			);
			buildRules = (
			);
			dependencies = (
			);
			name = "ORO (iOS)";
			packageProductDependencies = (
				A7C077E7291E6F040011C3A6 /* FirebaseAnalytics */,
				A7C077E9291E6F040011C3A6 /* FirebaseAuth */,
				A7C077EB291E6F040011C3A6 /* FirebaseDatabase */,
				A7C077ED291E6F040011C3A6 /* FirebaseFirestore */,
				A7C077EF291E6F040011C3A6 /* FirebaseMessaging */,
				A7C077F1291E6F040011C3A6 /* FirebaseStorage */,
				A72F7F132922B15C00C093F4 /* Waveform */,
			);
			productName = "ORO (iOS)";
			productReference = 04FEB3E129070B6B008844DE /* ORO.app */;
			productType = "com.apple.product-type.application";
		};
		04FEB3E629070B6B008844DE /* ORO (macOS) */ = {
			isa = PBXNativeTarget;
			buildConfigurationList = 04FEB40D29070B6B008844DE /* Build configuration list for PBXNativeTarget "ORO (macOS)" */;
			buildPhases = (
				04FEB3E329070B6B008844DE /* Sources */,
				04FEB3E429070B6B008844DE /* Frameworks */,
				04FEB3E529070B6B008844DE /* Resources */,
			);
			buildRules = (
			);
			dependencies = (
			);
			name = "ORO (macOS)";
			productName = "ORO (macOS)";
			productReference = 04FEB3E729070B6B008844DE /* ORO.app */;
			productType = "com.apple.product-type.application";
		};
		04FEB3ED29070B6B008844DE /* Tests iOS */ = {
			isa = PBXNativeTarget;
			buildConfigurationList = 04FEB41029070B6B008844DE /* Build configuration list for PBXNativeTarget "Tests iOS" */;
			buildPhases = (
				04FEB3EA29070B6B008844DE /* Sources */,
				04FEB3EB29070B6B008844DE /* Frameworks */,
				04FEB3EC29070B6B008844DE /* Resources */,
			);
			buildRules = (
			);
			dependencies = (
				04FEB3F029070B6B008844DE /* PBXTargetDependency */,
			);
			name = "Tests iOS";
			productName = "Tests iOS";
			productReference = 04FEB3EE29070B6B008844DE /* Tests iOS.xctest */;
			productType = "com.apple.product-type.bundle.ui-testing";
		};
		04FEB3F929070B6B008844DE /* Tests macOS */ = {
			isa = PBXNativeTarget;
			buildConfigurationList = 04FEB41329070B6B008844DE /* Build configuration list for PBXNativeTarget "Tests macOS" */;
			buildPhases = (
				04FEB3F629070B6B008844DE /* Sources */,
				04FEB3F729070B6B008844DE /* Frameworks */,
				04FEB3F829070B6B008844DE /* Resources */,
			);
			buildRules = (
			);
			dependencies = (
				04FEB3FC29070B6B008844DE /* PBXTargetDependency */,
			);
			name = "Tests macOS";
			productName = "Tests macOS";
			productReference = 04FEB3FA29070B6B008844DE /* Tests macOS.xctest */;
			productType = "com.apple.product-type.bundle.ui-testing";
		};
/* End PBXNativeTarget section */

/* Begin PBXProject section */
		04FEB3D529070B65008844DE /* Project object */ = {
			isa = PBXProject;
			attributes = {
				BuildIndependentTargetsInParallel = 1;
				LastSwiftUpdateCheck = 1320;
				LastUpgradeCheck = 1320;
				TargetAttributes = {
					04FEB3E029070B6A008844DE = {
						CreatedOnToolsVersion = 13.2.1;
					};
					04FEB3E629070B6B008844DE = {
						CreatedOnToolsVersion = 13.2.1;
					};
					04FEB3ED29070B6B008844DE = {
						CreatedOnToolsVersion = 13.2.1;
						TestTargetID = 04FEB3E029070B6A008844DE;
					};
					04FEB3F929070B6B008844DE = {
						CreatedOnToolsVersion = 13.2.1;
						TestTargetID = 04FEB3E629070B6B008844DE;
					};
				};
			};
			buildConfigurationList = 04FEB3D829070B65008844DE /* Build configuration list for PBXProject "ORO" */;
			compatibilityVersion = "Xcode 13.0";
			developmentRegion = en;
			hasScannedForEncodings = 0;
			knownRegions = (
				en,
				Base,
			);
			mainGroup = 04FEB3D429070B65008844DE;
			packageReferences = (
				A7C077E6291E6F040011C3A6 /* XCRemoteSwiftPackageReference "firebase-ios-sdk" */,
				A72F7F122922B15C00C093F4 /* XCRemoteSwiftPackageReference "Waveform" */,
			);
			productRefGroup = 04FEB3E229070B6B008844DE /* Products */;
			projectDirPath = "";
			projectRoot = "";
			targets = (
				04FEB3E029070B6A008844DE /* ORO (iOS) */,
				04FEB3E629070B6B008844DE /* ORO (macOS) */,
				04FEB3ED29070B6B008844DE /* Tests iOS */,
				04FEB3F929070B6B008844DE /* Tests macOS */,
			);
		};
/* End PBXProject section */

/* Begin PBXResourcesBuildPhase section */
		04FEB3DF29070B6A008844DE /* Resources */ = {
			isa = PBXResourcesBuildPhase;
			buildActionMask = 2147483647;
			files = (
				04FEB40629070B6B008844DE /* Assets.xcassets in Resources */,
				A7C07800291ECA8D0011C3A6 /* GoogleService-Info.plist in Resources */,
			);
			runOnlyForDeploymentPostprocessing = 0;
		};
		04FEB3E529070B6B008844DE /* Resources */ = {
			isa = PBXResourcesBuildPhase;
			buildActionMask = 2147483647;
			files = (
				04FEB40729070B6B008844DE /* Assets.xcassets in Resources */,
				A7C07801291ECA8D0011C3A6 /* GoogleService-Info.plist in Resources */,
			);
			runOnlyForDeploymentPostprocessing = 0;
		};
		04FEB3EC29070B6B008844DE /* Resources */ = {
			isa = PBXResourcesBuildPhase;
			buildActionMask = 2147483647;
			files = (
			);
			runOnlyForDeploymentPostprocessing = 0;
		};
		04FEB3F829070B6B008844DE /* Resources */ = {
			isa = PBXResourcesBuildPhase;
			buildActionMask = 2147483647;
			files = (
			);
			runOnlyForDeploymentPostprocessing = 0;
		};
/* End PBXResourcesBuildPhase section */

/* Begin PBXSourcesBuildPhase section */
		04FEB3DD29070B6A008844DE /* Sources */ = {
			isa = PBXSourcesBuildPhase;
			buildActionMask = 2147483647;
			files = (
				0473AC83290BBBE500ABB348 /* Records.swift in Sources */,
				A721A9E0291FCEA2005E043B /* AudioExtensions.swift in Sources */,
				04FEB40429070B6B008844DE /* SplashView.swift in Sources */,
				A721A9DA291FCD89005E043B /* AudioPlayer.swift in Sources */,
				0473AC88290BC0E100ABB348 /* MainView.swift in Sources */,
				0473AC86290BBDDB00ABB348 /* Folders.swift in Sources */,
				A7C077F4291E6FF60011C3A6 /* SignupView.swift in Sources */,
				A721A9DD291FCDD7005E043B /* AudioRecorder.swift in Sources */,
				A721A9E3291FCEDE005E043B /* AudioHelper.swift in Sources */,
				04FEB40229070B6B008844DE /* OROApp.swift in Sources */,
				0473AC7F290BBBAF00ABB348 /* Settings.swift in Sources */,
				0473AC81290BBBCD00ABB348 /* Audiograms.swift in Sources */,
				046904012909267900A232D7 /* SigninView.swift in Sources */,
				0473AC8A290BC94300ABB348 /* MainRouter.swift in Sources */,
				A721A9E6291FCF15005E043B /* AudioRecodingDataModel.swift in Sources */,
			);
			runOnlyForDeploymentPostprocessing = 0;
		};
		04FEB3E329070B6B008844DE /* Sources */ = {
			isa = PBXSourcesBuildPhase;
			buildActionMask = 2147483647;
			files = (
				A721A9DE291FCDD7005E043B /* AudioRecorder.swift in Sources */,
				A7C077F5291E6FF60011C3A6 /* SignupView.swift in Sources */,
				A721A9E7291FCF15005E043B /* AudioRecodingDataModel.swift in Sources */,
				04FEB40529070B6B008844DE /* SplashView.swift in Sources */,
				A721A9DB291FCD89005E043B /* AudioPlayer.swift in Sources */,
				04FEB40329070B6B008844DE /* OROApp.swift in Sources */,
				A721A9E1291FCEA2005E043B /* AudioExtensions.swift in Sources */,
				A721A9E4291FCEDE005E043B /* AudioHelper.swift in Sources */,
				046904022909267900A232D7 /* SigninView.swift in Sources */,
			);
			runOnlyForDeploymentPostprocessing = 0;
		};
		04FEB3EA29070B6B008844DE /* Sources */ = {
			isa = PBXSourcesBuildPhase;
			buildActionMask = 2147483647;
			files = (
				04FEB3F529070B6B008844DE /* Tests_iOSLaunchTests.swift in Sources */,
				04FEB3F329070B6B008844DE /* Tests_iOS.swift in Sources */,
			);
			runOnlyForDeploymentPostprocessing = 0;
		};
		04FEB3F629070B6B008844DE /* Sources */ = {
			isa = PBXSourcesBuildPhase;
			buildActionMask = 2147483647;
			files = (
				04FEB40129070B6B008844DE /* Tests_macOSLaunchTests.swift in Sources */,
				04FEB3FF29070B6B008844DE /* Tests_macOS.swift in Sources */,
			);
			runOnlyForDeploymentPostprocessing = 0;
		};
/* End PBXSourcesBuildPhase section */

/* Begin PBXTargetDependency section */
		04FEB3F029070B6B008844DE /* PBXTargetDependency */ = {
			isa = PBXTargetDependency;
			target = 04FEB3E029070B6A008844DE /* ORO (iOS) */;
			targetProxy = 04FEB3EF29070B6B008844DE /* PBXContainerItemProxy */;
		};
		04FEB3FC29070B6B008844DE /* PBXTargetDependency */ = {
			isa = PBXTargetDependency;
			target = 04FEB3E629070B6B008844DE /* ORO (macOS) */;
			targetProxy = 04FEB3FB29070B6B008844DE /* PBXContainerItemProxy */;
		};
/* End PBXTargetDependency section */

/* Begin XCBuildConfiguration section */
		04FEB40829070B6B008844DE /* Debug */ = {
			isa = XCBuildConfiguration;
			buildSettings = {
				ALWAYS_SEARCH_USER_PATHS = NO;
				CLANG_ANALYZER_NONNULL = YES;
				CLANG_ANALYZER_NUMBER_OBJECT_CONVERSION = YES_AGGRESSIVE;
				CLANG_CXX_LANGUAGE_STANDARD = "gnu++17";
				CLANG_CXX_LIBRARY = "libc++";
				CLANG_ENABLE_MODULES = YES;
				CLANG_ENABLE_OBJC_ARC = YES;
				CLANG_ENABLE_OBJC_WEAK = YES;
				CLANG_WARN_BLOCK_CAPTURE_AUTORELEASING = YES;
				CLANG_WARN_BOOL_CONVERSION = YES;
				CLANG_WARN_COMMA = YES;
				CLANG_WARN_CONSTANT_CONVERSION = YES;
				CLANG_WARN_DEPRECATED_OBJC_IMPLEMENTATIONS = YES;
				CLANG_WARN_DIRECT_OBJC_ISA_USAGE = YES_ERROR;
				CLANG_WARN_DOCUMENTATION_COMMENTS = YES;
				CLANG_WARN_EMPTY_BODY = YES;
				CLANG_WARN_ENUM_CONVERSION = YES;
				CLANG_WARN_INFINITE_RECURSION = YES;
				CLANG_WARN_INT_CONVERSION = YES;
				CLANG_WARN_NON_LITERAL_NULL_CONVERSION = YES;
				CLANG_WARN_OBJC_IMPLICIT_RETAIN_SELF = YES;
				CLANG_WARN_OBJC_LITERAL_CONVERSION = YES;
				CLANG_WARN_OBJC_ROOT_CLASS = YES_ERROR;
				CLANG_WARN_QUOTED_INCLUDE_IN_FRAMEWORK_HEADER = YES;
				CLANG_WARN_RANGE_LOOP_ANALYSIS = YES;
				CLANG_WARN_STRICT_PROTOTYPES = YES;
				CLANG_WARN_SUSPICIOUS_MOVE = YES;
				CLANG_WARN_UNGUARDED_AVAILABILITY = YES_AGGRESSIVE;
				CLANG_WARN_UNREACHABLE_CODE = YES;
				CLANG_WARN__DUPLICATE_METHOD_MATCH = YES;
				COPY_PHASE_STRIP = NO;
				DEBUG_INFORMATION_FORMAT = dwarf;
				ENABLE_STRICT_OBJC_MSGSEND = YES;
				ENABLE_TESTABILITY = YES;
				GCC_C_LANGUAGE_STANDARD = gnu11;
				GCC_DYNAMIC_NO_PIC = NO;
				GCC_NO_COMMON_BLOCKS = YES;
				GCC_OPTIMIZATION_LEVEL = 0;
				GCC_PREPROCESSOR_DEFINITIONS = (
					"DEBUG=1",
					"$(inherited)",
				);
				GCC_WARN_64_TO_32_BIT_CONVERSION = YES;
				GCC_WARN_ABOUT_RETURN_TYPE = YES_ERROR;
				GCC_WARN_UNDECLARED_SELECTOR = YES;
				GCC_WARN_UNINITIALIZED_AUTOS = YES_AGGRESSIVE;
				GCC_WARN_UNUSED_FUNCTION = YES;
				GCC_WARN_UNUSED_VARIABLE = YES;
				MTL_ENABLE_DEBUG_INFO = INCLUDE_SOURCE;
				MTL_FAST_MATH = YES;
				ONLY_ACTIVE_ARCH = YES;
				SWIFT_ACTIVE_COMPILATION_CONDITIONS = DEBUG;
				SWIFT_OPTIMIZATION_LEVEL = "-Onone";
			};
			name = Debug;
		};
		04FEB40929070B6B008844DE /* Release */ = {
			isa = XCBuildConfiguration;
			buildSettings = {
				ALWAYS_SEARCH_USER_PATHS = NO;
				CLANG_ANALYZER_NONNULL = YES;
				CLANG_ANALYZER_NUMBER_OBJECT_CONVERSION = YES_AGGRESSIVE;
				CLANG_CXX_LANGUAGE_STANDARD = "gnu++17";
				CLANG_CXX_LIBRARY = "libc++";
				CLANG_ENABLE_MODULES = YES;
				CLANG_ENABLE_OBJC_ARC = YES;
				CLANG_ENABLE_OBJC_WEAK = YES;
				CLANG_WARN_BLOCK_CAPTURE_AUTORELEASING = YES;
				CLANG_WARN_BOOL_CONVERSION = YES;
				CLANG_WARN_COMMA = YES;
				CLANG_WARN_CONSTANT_CONVERSION = YES;
				CLANG_WARN_DEPRECATED_OBJC_IMPLEMENTATIONS = YES;
				CLANG_WARN_DIRECT_OBJC_ISA_USAGE = YES_ERROR;
				CLANG_WARN_DOCUMENTATION_COMMENTS = YES;
				CLANG_WARN_EMPTY_BODY = YES;
				CLANG_WARN_ENUM_CONVERSION = YES;
				CLANG_WARN_INFINITE_RECURSION = YES;
				CLANG_WARN_INT_CONVERSION = YES;
				CLANG_WARN_NON_LITERAL_NULL_CONVERSION = YES;
				CLANG_WARN_OBJC_IMPLICIT_RETAIN_SELF = YES;
				CLANG_WARN_OBJC_LITERAL_CONVERSION = YES;
				CLANG_WARN_OBJC_ROOT_CLASS = YES_ERROR;
				CLANG_WARN_QUOTED_INCLUDE_IN_FRAMEWORK_HEADER = YES;
				CLANG_WARN_RANGE_LOOP_ANALYSIS = YES;
				CLANG_WARN_STRICT_PROTOTYPES = YES;
				CLANG_WARN_SUSPICIOUS_MOVE = YES;
				CLANG_WARN_UNGUARDED_AVAILABILITY = YES_AGGRESSIVE;
				CLANG_WARN_UNREACHABLE_CODE = YES;
				CLANG_WARN__DUPLICATE_METHOD_MATCH = YES;
				COPY_PHASE_STRIP = NO;
				DEBUG_INFORMATION_FORMAT = "dwarf-with-dsym";
				ENABLE_NS_ASSERTIONS = NO;
				ENABLE_STRICT_OBJC_MSGSEND = YES;
				GCC_C_LANGUAGE_STANDARD = gnu11;
				GCC_NO_COMMON_BLOCKS = YES;
				GCC_WARN_64_TO_32_BIT_CONVERSION = YES;
				GCC_WARN_ABOUT_RETURN_TYPE = YES_ERROR;
				GCC_WARN_UNDECLARED_SELECTOR = YES;
				GCC_WARN_UNINITIALIZED_AUTOS = YES_AGGRESSIVE;
				GCC_WARN_UNUSED_FUNCTION = YES;
				GCC_WARN_UNUSED_VARIABLE = YES;
				MTL_ENABLE_DEBUG_INFO = NO;
				MTL_FAST_MATH = YES;
				SWIFT_COMPILATION_MODE = wholemodule;
				SWIFT_OPTIMIZATION_LEVEL = "-O";
			};
			name = Release;
		};
		04FEB40B29070B6B008844DE /* Debug */ = {
			isa = XCBuildConfiguration;
			buildSettings = {
				ASSETCATALOG_COMPILER_APPICON_NAME = AppIcon;
				ASSETCATALOG_COMPILER_GLOBAL_ACCENT_COLOR_NAME = AccentColor;
				CODE_SIGN_STYLE = Automatic;
				CURRENT_PROJECT_VERSION = 1;
				ENABLE_PREVIEWS = YES;
				GENERATE_INFOPLIST_FILE = YES;
				INFOPLIST_KEY_UIApplicationSceneManifest_Generation = YES;
				INFOPLIST_KEY_UIApplicationSupportsIndirectInputEvents = YES;
				INFOPLIST_KEY_UILaunchScreen_Generation = YES;
				INFOPLIST_KEY_UISupportedInterfaceOrientations_iPad = "UIInterfaceOrientationPortrait UIInterfaceOrientationPortraitUpsideDown UIInterfaceOrientationLandscapeLeft UIInterfaceOrientationLandscapeRight";
				INFOPLIST_KEY_UISupportedInterfaceOrientations_iPhone = "UIInterfaceOrientationPortrait UIInterfaceOrientationLandscapeLeft UIInterfaceOrientationLandscapeRight";
				IPHONEOS_DEPLOYMENT_TARGET = 15.2;
				LD_RUNPATH_SEARCH_PATHS = (
					"$(inherited)",
					"@executable_path/Frameworks",
				);
				MARKETING_VERSION = 1.0;
				PRODUCT_BUNDLE_IDENTIFIER = app.oro;
				PRODUCT_NAME = ORO;
				SDKROOT = iphoneos;
				SWIFT_EMIT_LOC_STRINGS = YES;
				SWIFT_VERSION = 5.0;
				TARGETED_DEVICE_FAMILY = "1,2";
			};
			name = Debug;
		};
		04FEB40C29070B6B008844DE /* Release */ = {
			isa = XCBuildConfiguration;
			buildSettings = {
				ASSETCATALOG_COMPILER_APPICON_NAME = AppIcon;
				ASSETCATALOG_COMPILER_GLOBAL_ACCENT_COLOR_NAME = AccentColor;
				CODE_SIGN_STYLE = Automatic;
				CURRENT_PROJECT_VERSION = 1;
				ENABLE_PREVIEWS = YES;
				GENERATE_INFOPLIST_FILE = YES;
				INFOPLIST_KEY_UIApplicationSceneManifest_Generation = YES;
				INFOPLIST_KEY_UIApplicationSupportsIndirectInputEvents = YES;
				INFOPLIST_KEY_UILaunchScreen_Generation = YES;
				INFOPLIST_KEY_UISupportedInterfaceOrientations_iPad = "UIInterfaceOrientationPortrait UIInterfaceOrientationPortraitUpsideDown UIInterfaceOrientationLandscapeLeft UIInterfaceOrientationLandscapeRight";
				INFOPLIST_KEY_UISupportedInterfaceOrientations_iPhone = "UIInterfaceOrientationPortrait UIInterfaceOrientationLandscapeLeft UIInterfaceOrientationLandscapeRight";
				IPHONEOS_DEPLOYMENT_TARGET = 15.2;
				LD_RUNPATH_SEARCH_PATHS = (
					"$(inherited)",
					"@executable_path/Frameworks",
				);
				MARKETING_VERSION = 1.0;
				PRODUCT_BUNDLE_IDENTIFIER = app.oro;
				PRODUCT_NAME = ORO;
				SDKROOT = iphoneos;
				SWIFT_EMIT_LOC_STRINGS = YES;
				SWIFT_VERSION = 5.0;
				TARGETED_DEVICE_FAMILY = "1,2";
				VALIDATE_PRODUCT = YES;
			};
			name = Release;
		};
		04FEB40E29070B6B008844DE /* Debug */ = {
			isa = XCBuildConfiguration;
			buildSettings = {
				ASSETCATALOG_COMPILER_APPICON_NAME = AppIcon;
				ASSETCATALOG_COMPILER_GLOBAL_ACCENT_COLOR_NAME = AccentColor;
				CODE_SIGN_ENTITLEMENTS = macOS/macOS.entitlements;
				CODE_SIGN_STYLE = Automatic;
				COMBINE_HIDPI_IMAGES = YES;
				CURRENT_PROJECT_VERSION = 1;
				ENABLE_PREVIEWS = YES;
				GENERATE_INFOPLIST_FILE = YES;
				INFOPLIST_KEY_NSHumanReadableCopyright = "";
				LD_RUNPATH_SEARCH_PATHS = (
					"$(inherited)",
					"@executable_path/../Frameworks",
				);
				MACOSX_DEPLOYMENT_TARGET = 11.7;
				MARKETING_VERSION = 1.0;
				PRODUCT_BUNDLE_IDENTIFIER = app.oro;
				PRODUCT_NAME = ORO;
				SDKROOT = macosx;
				SWIFT_EMIT_LOC_STRINGS = YES;
				SWIFT_VERSION = 5.0;
			};
			name = Debug;
		};
		04FEB40F29070B6B008844DE /* Release */ = {
			isa = XCBuildConfiguration;
			buildSettings = {
				ASSETCATALOG_COMPILER_APPICON_NAME = AppIcon;
				ASSETCATALOG_COMPILER_GLOBAL_ACCENT_COLOR_NAME = AccentColor;
				CODE_SIGN_ENTITLEMENTS = macOS/macOS.entitlements;
				CODE_SIGN_STYLE = Automatic;
				COMBINE_HIDPI_IMAGES = YES;
				CURRENT_PROJECT_VERSION = 1;
				ENABLE_PREVIEWS = YES;
				GENERATE_INFOPLIST_FILE = YES;
				INFOPLIST_KEY_NSHumanReadableCopyright = "";
				LD_RUNPATH_SEARCH_PATHS = (
					"$(inherited)",
					"@executable_path/../Frameworks",
				);
				MACOSX_DEPLOYMENT_TARGET = 11.7;
				MARKETING_VERSION = 1.0;
				PRODUCT_BUNDLE_IDENTIFIER = app.oro;
				PRODUCT_NAME = ORO;
				SDKROOT = macosx;
				SWIFT_EMIT_LOC_STRINGS = YES;
				SWIFT_VERSION = 5.0;
			};
			name = Release;
		};
		04FEB41129070B6B008844DE /* Debug */ = {
			isa = XCBuildConfiguration;
			buildSettings = {
				ALWAYS_EMBED_SWIFT_STANDARD_LIBRARIES = YES;
				CODE_SIGN_STYLE = Automatic;
				CURRENT_PROJECT_VERSION = 1;
				GENERATE_INFOPLIST_FILE = YES;
				IPHONEOS_DEPLOYMENT_TARGET = 15.2;
				MARKETING_VERSION = 1.0;
				PRODUCT_BUNDLE_IDENTIFIER = "com.oro.ios.Tests-iOS";
				PRODUCT_NAME = "$(TARGET_NAME)";
				SDKROOT = iphoneos;
				SWIFT_EMIT_LOC_STRINGS = NO;
				SWIFT_VERSION = 5.0;
				TARGETED_DEVICE_FAMILY = "1,2";
				TEST_TARGET_NAME = "ORO (iOS)";
			};
			name = Debug;
		};
		04FEB41229070B6B008844DE /* Release */ = {
			isa = XCBuildConfiguration;
			buildSettings = {
				ALWAYS_EMBED_SWIFT_STANDARD_LIBRARIES = YES;
				CODE_SIGN_STYLE = Automatic;
				CURRENT_PROJECT_VERSION = 1;
				GENERATE_INFOPLIST_FILE = YES;
				IPHONEOS_DEPLOYMENT_TARGET = 15.2;
				MARKETING_VERSION = 1.0;
				PRODUCT_BUNDLE_IDENTIFIER = "com.oro.ios.Tests-iOS";
				PRODUCT_NAME = "$(TARGET_NAME)";
				SDKROOT = iphoneos;
				SWIFT_EMIT_LOC_STRINGS = NO;
				SWIFT_VERSION = 5.0;
				TARGETED_DEVICE_FAMILY = "1,2";
				TEST_TARGET_NAME = "ORO (iOS)";
				VALIDATE_PRODUCT = YES;
			};
			name = Release;
		};
		04FEB41429070B6B008844DE /* Debug */ = {
			isa = XCBuildConfiguration;
			buildSettings = {
				ALWAYS_EMBED_SWIFT_STANDARD_LIBRARIES = YES;
				CODE_SIGN_STYLE = Automatic;
				CURRENT_PROJECT_VERSION = 1;
				GENERATE_INFOPLIST_FILE = YES;
				MACOSX_DEPLOYMENT_TARGET = 11.7;
				MARKETING_VERSION = 1.0;
				PRODUCT_BUNDLE_IDENTIFIER = "com.oro.ios.Tests-macOS";
				PRODUCT_NAME = "$(TARGET_NAME)";
				SDKROOT = macosx;
				SWIFT_EMIT_LOC_STRINGS = NO;
				SWIFT_VERSION = 5.0;
				TEST_TARGET_NAME = "ORO (macOS)";
			};
			name = Debug;
		};
		04FEB41529070B6B008844DE /* Release */ = {
			isa = XCBuildConfiguration;
			buildSettings = {
				ALWAYS_EMBED_SWIFT_STANDARD_LIBRARIES = YES;
				CODE_SIGN_STYLE = Automatic;
				CURRENT_PROJECT_VERSION = 1;
				GENERATE_INFOPLIST_FILE = YES;
				MACOSX_DEPLOYMENT_TARGET = 11.7;
				MARKETING_VERSION = 1.0;
				PRODUCT_BUNDLE_IDENTIFIER = "com.oro.ios.Tests-macOS";
				PRODUCT_NAME = "$(TARGET_NAME)";
				SDKROOT = macosx;
				SWIFT_EMIT_LOC_STRINGS = NO;
				SWIFT_VERSION = 5.0;
				TEST_TARGET_NAME = "ORO (macOS)";
			};
			name = Release;
		};
/* End XCBuildConfiguration section */

/* Begin XCConfigurationList section */
		04FEB3D829070B65008844DE /* Build configuration list for PBXProject "ORO" */ = {
			isa = XCConfigurationList;
			buildConfigurations = (
				04FEB40829070B6B008844DE /* Debug */,
				04FEB40929070B6B008844DE /* Release */,
			);
			defaultConfigurationIsVisible = 0;
			defaultConfigurationName = Release;
		};
		04FEB40A29070B6B008844DE /* Build configuration list for PBXNativeTarget "ORO (iOS)" */ = {
			isa = XCConfigurationList;
			buildConfigurations = (
				04FEB40B29070B6B008844DE /* Debug */,
				04FEB40C29070B6B008844DE /* Release */,
			);
			defaultConfigurationIsVisible = 0;
			defaultConfigurationName = Release;
		};
		04FEB40D29070B6B008844DE /* Build configuration list for PBXNativeTarget "ORO (macOS)" */ = {
			isa = XCConfigurationList;
			buildConfigurations = (
				04FEB40E29070B6B008844DE /* Debug */,
				04FEB40F29070B6B008844DE /* Release */,
			);
			defaultConfigurationIsVisible = 0;
			defaultConfigurationName = Release;
		};
		04FEB41029070B6B008844DE /* Build configuration list for PBXNativeTarget "Tests iOS" */ = {
			isa = XCConfigurationList;
			buildConfigurations = (
				04FEB41129070B6B008844DE /* Debug */,
				04FEB41229070B6B008844DE /* Release */,
			);
			defaultConfigurationIsVisible = 0;
			defaultConfigurationName = Release;
		};
		04FEB41329070B6B008844DE /* Build configuration list for PBXNativeTarget "Tests macOS" */ = {
			isa = XCConfigurationList;
			buildConfigurations = (
				04FEB41429070B6B008844DE /* Debug */,
				04FEB41529070B6B008844DE /* Release */,
			);
			defaultConfigurationIsVisible = 0;
			defaultConfigurationName = Release;
		};
/* End XCConfigurationList section */

/* Begin XCRemoteSwiftPackageReference section */
		A72F7F122922B15C00C093F4 /* XCRemoteSwiftPackageReference "Waveform" */ = {
			isa = XCRemoteSwiftPackageReference;
			repositoryURL = "https://github.com/pixlwave/Waveform";
			requirement = {
				branch = main;
				kind = branch;
			};
		};
		A7C077E6291E6F040011C3A6 /* XCRemoteSwiftPackageReference "firebase-ios-sdk" */ = {
			isa = XCRemoteSwiftPackageReference;
			repositoryURL = "https://github.com/firebase/firebase-ios-sdk";
			requirement = {
				branch = master;
				kind = branch;
			};
		};
/* End XCRemoteSwiftPackageReference section */

/* Begin XCSwiftPackageProductDependency section */
		A72F7F132922B15C00C093F4 /* Waveform */ = {
			isa = XCSwiftPackageProductDependency;
			package = A72F7F122922B15C00C093F4 /* XCRemoteSwiftPackageReference "Waveform" */;
			productName = Waveform;
		};
		A7C077E7291E6F040011C3A6 /* FirebaseAnalytics */ = {
			isa = XCSwiftPackageProductDependency;
			package = A7C077E6291E6F040011C3A6 /* XCRemoteSwiftPackageReference "firebase-ios-sdk" */;
			productName = FirebaseAnalytics;
		};
		A7C077E9291E6F040011C3A6 /* FirebaseAuth */ = {
			isa = XCSwiftPackageProductDependency;
			package = A7C077E6291E6F040011C3A6 /* XCRemoteSwiftPackageReference "firebase-ios-sdk" */;
			productName = FirebaseAuth;
		};
		A7C077EB291E6F040011C3A6 /* FirebaseDatabase */ = {
			isa = XCSwiftPackageProductDependency;
			package = A7C077E6291E6F040011C3A6 /* XCRemoteSwiftPackageReference "firebase-ios-sdk" */;
			productName = FirebaseDatabase;
		};
		A7C077ED291E6F040011C3A6 /* FirebaseFirestore */ = {
			isa = XCSwiftPackageProductDependency;
			package = A7C077E6291E6F040011C3A6 /* XCRemoteSwiftPackageReference "firebase-ios-sdk" */;
			productName = FirebaseFirestore;
		};
		A7C077EF291E6F040011C3A6 /* FirebaseMessaging */ = {
			isa = XCSwiftPackageProductDependency;
			package = A7C077E6291E6F040011C3A6 /* XCRemoteSwiftPackageReference "firebase-ios-sdk" */;
			productName = FirebaseMessaging;
		};
		A7C077F1291E6F040011C3A6 /* FirebaseStorage */ = {
			isa = XCSwiftPackageProductDependency;
			package = A7C077E6291E6F040011C3A6 /* XCRemoteSwiftPackageReference "firebase-ios-sdk" */;
			productName = FirebaseStorage;
		};
/* End XCSwiftPackageProductDependency section */
	};
	rootObject = 04FEB3D529070B65008844DE /* Project object */;
}
