// !$*UTF8*$!
{
	archiveVersion = 1;
	classes = {
	};
	objectVersion = 55;
	objects = {

/* Begin PBXBuildFile section */
		046904012909267900A232D7 /* SigninView.swift in Sources */ = {isa = PBXBuildFile; fileRef = 046904002909267800A232D7 /* SigninView.swift */; };
		046904022909267900A232D7 /* SigninView.swift in Sources */ = {isa = PBXBuildFile; fileRef = 046904002909267800A232D7 /* SigninView.swift */; };
		0473AC7F290BBBAF00ABB348 /* Settings.swift in Sources */ = {isa = PBXBuildFile; fileRef = 0473AC7E290BBBAE00ABB348 /* Settings.swift */; };
		0473AC81290BBBCD00ABB348 /* Audiograms.swift in Sources */ = {isa = PBXBuildFile; fileRef = 0473AC80290BBBCD00ABB348 /* Audiograms.swift */; };
		0473AC83290BBBE500ABB348 /* Records.swift in Sources */ = {isa = PBXBuildFile; fileRef = 0473AC82290BBBE500ABB348 /* Records.swift */; };
		0473AC86290BBDDB00ABB348 /* Folders.swift in Sources */ = {isa = PBXBuildFile; fileRef = 0473AC85290BBDDB00ABB348 /* Folders.swift */; };
		0473AC88290BC0E100ABB348 /* MainView.swift in Sources */ = {isa = PBXBuildFile; fileRef = 0473AC87290BC0E100ABB348 /* MainView.swift */; };
		0473AC8A290BC94300ABB348 /* MainRouter.swift in Sources */ = {isa = PBXBuildFile; fileRef = 0473AC89290BC94300ABB348 /* MainRouter.swift */; };
		04FEB3F329070B6B008844DE /* Tests_iOS.swift in Sources */ = {isa = PBXBuildFile; fileRef = 04FEB3F229070B6B008844DE /* Tests_iOS.swift */; };
		04FEB3F529070B6B008844DE /* Tests_iOSLaunchTests.swift in Sources */ = {isa = PBXBuildFile; fileRef = 04FEB3F429070B6B008844DE /* Tests_iOSLaunchTests.swift */; };
		04FEB3FF29070B6B008844DE /* Tests_macOS.swift in Sources */ = {isa = PBXBuildFile; fileRef = 04FEB3FE29070B6B008844DE /* Tests_macOS.swift */; };
		04FEB40129070B6B008844DE /* Tests_macOSLaunchTests.swift in Sources */ = {isa = PBXBuildFile; fileRef = 04FEB40029070B6B008844DE /* Tests_macOSLaunchTests.swift */; };
		04FEB40229070B6B008844DE /* OROApp.swift in Sources */ = {isa = PBXBuildFile; fileRef = 04FEB3DA29070B66008844DE /* OROApp.swift */; };
		04FEB40329070B6B008844DE /* OROApp.swift in Sources */ = {isa = PBXBuildFile; fileRef = 04FEB3DA29070B66008844DE /* OROApp.swift */; };
		04FEB40429070B6B008844DE /* SplashView.swift in Sources */ = {isa = PBXBuildFile; fileRef = 04FEB3DB29070B66008844DE /* SplashView.swift */; };
		04FEB40529070B6B008844DE /* SplashView.swift in Sources */ = {isa = PBXBuildFile; fileRef = 04FEB3DB29070B66008844DE /* SplashView.swift */; };
		04FEB40629070B6B008844DE /* Assets.xcassets in Resources */ = {isa = PBXBuildFile; fileRef = 04FEB3DC29070B6A008844DE /* Assets.xcassets */; };
		04FEB40729070B6B008844DE /* Assets.xcassets in Resources */ = {isa = PBXBuildFile; fileRef = 04FEB3DC29070B6A008844DE /* Assets.xcassets */; };
		A721A9DA291FCD89005E043B /* AudioPlayer.swift in Sources */ = {isa = PBXBuildFile; fileRef = A721A9D9291FCD89005E043B /* AudioPlayer.swift */; };
		A721A9DB291FCD89005E043B /* AudioPlayer.swift in Sources */ = {isa = PBXBuildFile; fileRef = A721A9D9291FCD89005E043B /* AudioPlayer.swift */; };
		A721A9DD291FCDD7005E043B /* AudioRecorder.swift in Sources */ = {isa = PBXBuildFile; fileRef = A721A9DC291FCDD7005E043B /* AudioRecorder.swift */; };
		A721A9DE291FCDD7005E043B /* AudioRecorder.swift in Sources */ = {isa = PBXBuildFile; fileRef = A721A9DC291FCDD7005E043B /* AudioRecorder.swift */; };
		A721A9E0291FCEA2005E043B /* AudioExtensions.swift in Sources */ = {isa = PBXBuildFile; fileRef = A721A9DF291FCEA2005E043B /* AudioExtensions.swift */; };
		A721A9E1291FCEA2005E043B /* AudioExtensions.swift in Sources */ = {isa = PBXBuildFile; fileRef = A721A9DF291FCEA2005E043B /* AudioExtensions.swift */; };
		A721A9E3291FCEDE005E043B /* AudioHelper.swift in Sources */ = {isa = PBXBuildFile; fileRef = A721A9E2291FCEDE005E043B /* AudioHelper.swift */; };
		A721A9E4291FCEDE005E043B /* AudioHelper.swift in Sources */ = {isa = PBXBuildFile; fileRef = A721A9E2291FCEDE005E043B /* AudioHelper.swift */; };
		A721A9E6291FCF15005E043B /* AudioRecodingDataModel.swift in Sources */ = {isa = PBXBuildFile; fileRef = A721A9E5291FCF15005E043B /* AudioRecodingDataModel.swift */; };
		A721A9E7291FCF15005E043B /* AudioRecodingDataModel.swift in Sources */ = {isa = PBXBuildFile; fileRef = A721A9E5291FCF15005E043B /* AudioRecodingDataModel.swift */; };
		A72456702930D14A00FA4F19 /* DSWaveformImage in Frameworks */ = {isa = PBXBuildFile; productRef = A724566F2930D14A00FA4F19 /* DSWaveformImage */; };
		A72456722930E4D300FA4F19 /* WaveformVIew.swift in Sources */ = {isa = PBXBuildFile; fileRef = A72456712930E4D300FA4F19 /* WaveformVIew.swift */; };
		A72456732930E4D300FA4F19 /* WaveformVIew.swift in Sources */ = {isa = PBXBuildFile; fileRef = A72456712930E4D300FA4F19 /* WaveformVIew.swift */; };
		A72456832930E77C00FA4F19 /* WaveformImageTypes.swift in Sources */ = {isa = PBXBuildFile; fileRef = A724567F2930E77C00FA4F19 /* WaveformImageTypes.swift */; };
		A72456842930E77C00FA4F19 /* WaveformImageTypes.swift in Sources */ = {isa = PBXBuildFile; fileRef = A724567F2930E77C00FA4F19 /* WaveformImageTypes.swift */; };
		A72456852930E77C00FA4F19 /* LinearWaveformRenderer.swift in Sources */ = {isa = PBXBuildFile; fileRef = A72456802930E77C00FA4F19 /* LinearWaveformRenderer.swift */; };
		A72456862930E77C00FA4F19 /* LinearWaveformRenderer.swift in Sources */ = {isa = PBXBuildFile; fileRef = A72456802930E77C00FA4F19 /* LinearWaveformRenderer.swift */; };
		A72456882930EA2100FA4F19 /* WaveformImageDrawer.swift in Sources */ = {isa = PBXBuildFile; fileRef = A72456872930EA2100FA4F19 /* WaveformImageDrawer.swift */; };
		A72456892930EA2100FA4F19 /* WaveformImageDrawer.swift in Sources */ = {isa = PBXBuildFile; fileRef = A72456872930EA2100FA4F19 /* WaveformImageDrawer.swift */; };
		A724568B2930EA8B00FA4F19 /* WaveformAnalyzer.swift in Sources */ = {isa = PBXBuildFile; fileRef = A724568A2930EA8B00FA4F19 /* WaveformAnalyzer.swift */; };
		A724568C2930EA8B00FA4F19 /* WaveformAnalyzer.swift in Sources */ = {isa = PBXBuildFile; fileRef = A724568A2930EA8B00FA4F19 /* WaveformAnalyzer.swift */; };
		A724568E2930EAE300FA4F19 /* TempiFFT.swift in Sources */ = {isa = PBXBuildFile; fileRef = A724568D2930EAE300FA4F19 /* TempiFFT.swift */; };
		A724568F2930EAE300FA4F19 /* TempiFFT.swift in Sources */ = {isa = PBXBuildFile; fileRef = A724568D2930EAE300FA4F19 /* TempiFFT.swift */; };
		A72456912930F88300FA4F19 /* WaveformImageDrawer+iOS.swift in Sources */ = {isa = PBXBuildFile; fileRef = A72456902930F88300FA4F19 /* WaveformImageDrawer+iOS.swift */; };
		A72456922930F88300FA4F19 /* WaveformImageDrawer+iOS.swift in Sources */ = {isa = PBXBuildFile; fileRef = A72456902930F88300FA4F19 /* WaveformImageDrawer+iOS.swift */; };
		A72456942930FC4D00FA4F19 /* WaveformRenderer.swift in Sources */ = {isa = PBXBuildFile; fileRef = A72456932930FC4D00FA4F19 /* WaveformRenderer.swift */; };
		A72456952930FC4D00FA4F19 /* WaveformRenderer.swift in Sources */ = {isa = PBXBuildFile; fileRef = A72456932930FC4D00FA4F19 /* WaveformRenderer.swift */; };
		A72F7F142922B15C00C093F4 /* Waveform in Frameworks */ = {isa = PBXBuildFile; productRef = A72F7F132922B15C00C093F4 /* Waveform */; };
		A74643132924F4A3006A080B /* LocalStorage.swift in Sources */ = {isa = PBXBuildFile; fileRef = A74643122924F4A3006A080B /* LocalStorage.swift */; };
		A74643152925265F006A080B /* AddFolder.swift in Sources */ = {isa = PBXBuildFile; fileRef = A74643142925265F006A080B /* AddFolder.swift */; };
		A746431729253426006A080B /* ChooseRecords.swift in Sources */ = {isa = PBXBuildFile; fileRef = A746431629253426006A080B /* ChooseRecords.swift */; };
		A746431A2925B329006A080B /* FolderManager.swift in Sources */ = {isa = PBXBuildFile; fileRef = A74643192925B329006A080B /* FolderManager.swift */; };
		A746431C2925B3AD006A080B /* FolderModal.swift in Sources */ = {isa = PBXBuildFile; fileRef = A746431B2925B3AD006A080B /* FolderModal.swift */; };
		A746431F2925E2BC006A080B /* FirebaseDatabaseSwift in Frameworks */ = {isa = PBXBuildFile; productRef = A746431E2925E2BC006A080B /* FirebaseDatabaseSwift */; };
		A74643212925E77A006A080B /* FirebaseAnalyticsSwift in Frameworks */ = {isa = PBXBuildFile; productRef = A74643202925E77A006A080B /* FirebaseAnalyticsSwift */; };
		A77AED2F29270620008525C6 /* Starscream in Frameworks */ = {isa = PBXBuildFile; productRef = A77AED2E29270620008525C6 /* Starscream */; };
		A77AED3229272B7A008525C6 /* SwiftUIGIF in Frameworks */ = {isa = PBXBuildFile; productRef = A77AED3129272B7A008525C6 /* SwiftUIGIF */; };
		A77AED3429272E3C008525C6 /* RecordPlayer.swift in Sources */ = {isa = PBXBuildFile; fileRef = A77AED3329272E3C008525C6 /* RecordPlayer.swift */; };
		A77AED36292737EF008525C6 /* RecordEdit.swift in Sources */ = {isa = PBXBuildFile; fileRef = A77AED35292737EF008525C6 /* RecordEdit.swift */; };
		A77AED382927A325008525C6 /* audio_player.gif in Resources */ = {isa = PBXBuildFile; fileRef = A77AED372927A325008525C6 /* audio_player.gif */; };
		A77AED3A2927AE91008525C6 /* AudioPlayerView.swift in Sources */ = {isa = PBXBuildFile; fileRef = A77AED392927AE91008525C6 /* AudioPlayerView.swift */; };
		A77AED3C2927B1A2008525C6 /* _audioTest.m4a in Resources */ = {isa = PBXBuildFile; fileRef = A77AED3B2927B1A2008525C6 /* _audioTest.m4a */; };
		A77AED3E2927C816008525C6 /* audioTest.m4a in Resources */ = {isa = PBXBuildFile; fileRef = A77AED3D2927C816008525C6 /* audioTest.m4a */; };
		A77AED402927FFD6008525C6 /* GifImage.swift in Sources */ = {isa = PBXBuildFile; fileRef = A77AED3F2927FFD6008525C6 /* GifImage.swift */; };
		A77AED42292881A4008525C6 /* TranscriptionProcess.swift in Sources */ = {isa = PBXBuildFile; fileRef = A77AED41292881A4008525C6 /* TranscriptionProcess.swift */; };
		A79655C429524ABA004E6F46 /* GoogleService-Info.plist in Resources */ = {isa = PBXBuildFile; fileRef = A79655C329524AB9004E6F46 /* GoogleService-Info.plist */; };
		A79655C529524ABA004E6F46 /* GoogleService-Info.plist in Resources */ = {isa = PBXBuildFile; fileRef = A79655C329524AB9004E6F46 /* GoogleService-Info.plist */; };
		A7C077E8291E6F040011C3A6 /* FirebaseAnalytics in Frameworks */ = {isa = PBXBuildFile; productRef = A7C077E7291E6F040011C3A6 /* FirebaseAnalytics */; };
		A7C077EA291E6F040011C3A6 /* FirebaseAuth in Frameworks */ = {isa = PBXBuildFile; productRef = A7C077E9291E6F040011C3A6 /* FirebaseAuth */; };
		A7C077EC291E6F040011C3A6 /* FirebaseDatabase in Frameworks */ = {isa = PBXBuildFile; productRef = A7C077EB291E6F040011C3A6 /* FirebaseDatabase */; };
		A7C077EE291E6F040011C3A6 /* FirebaseFirestore in Frameworks */ = {isa = PBXBuildFile; productRef = A7C077ED291E6F040011C3A6 /* FirebaseFirestore */; };
		A7C077F0291E6F040011C3A6 /* FirebaseMessaging in Frameworks */ = {isa = PBXBuildFile; productRef = A7C077EF291E6F040011C3A6 /* FirebaseMessaging */; };
		A7C077F2291E6F040011C3A6 /* FirebaseStorage in Frameworks */ = {isa = PBXBuildFile; productRef = A7C077F1291E6F040011C3A6 /* FirebaseStorage */; };
		A7C077F4291E6FF60011C3A6 /* SignupView.swift in Sources */ = {isa = PBXBuildFile; fileRef = A7C077F3291E6FF60011C3A6 /* SignupView.swift */; };
		A7C077F5291E6FF60011C3A6 /* SignupView.swift in Sources */ = {isa = PBXBuildFile; fileRef = A7C077F3291E6FF60011C3A6 /* SignupView.swift */; };
		A7C07800291ECA8D0011C3A6 /* GoogleService-Info.plist in Resources */ = {isa = PBXBuildFile; fileRef = A7C077FF291ECA8D0011C3A6 /* GoogleService-Info.plist */; };
		A7C07801291ECA8D0011C3A6 /* GoogleService-Info.plist in Resources */ = {isa = PBXBuildFile; fileRef = A7C077FF291ECA8D0011C3A6 /* GoogleService-Info.plist */; };
/* End PBXBuildFile section */

/* Begin PBXContainerItemProxy section */
		04FEB3EF29070B6B008844DE /* PBXContainerItemProxy */ = {
			isa = PBXContainerItemProxy;
			containerPortal = 04FEB3D529070B65008844DE /* Project object */;
			proxyType = 1;
			remoteGlobalIDString = 04FEB3E029070B6A008844DE;
			remoteInfo = "ORO (iOS)";
		};
		04FEB3FB29070B6B008844DE /* PBXContainerItemProxy */ = {
			isa = PBXContainerItemProxy;
			containerPortal = 04FEB3D529070B65008844DE /* Project object */;
			proxyType = 1;
			remoteGlobalIDString = 04FEB3E629070B6B008844DE;
			remoteInfo = "ORO (macOS)";
		};
/* End PBXContainerItemProxy section */

/* Begin PBXFileReference section */
		046904002909267800A232D7 /* SigninView.swift */ = {isa = PBXFileReference; lastKnownFileType = sourcecode.swift; path = SigninView.swift; sourceTree = "<group>"; };
		0473AC7E290BBBAE00ABB348 /* Settings.swift */ = {isa = PBXFileReference; lastKnownFileType = sourcecode.swift; path = Settings.swift; sourceTree = "<group>"; };
		0473AC80290BBBCD00ABB348 /* Audiograms.swift */ = {isa = PBXFileReference; lastKnownFileType = sourcecode.swift; path = Audiograms.swift; sourceTree = "<group>"; };
		0473AC82290BBBE500ABB348 /* Records.swift */ = {isa = PBXFileReference; lastKnownFileType = sourcecode.swift; path = Records.swift; sourceTree = "<group>"; };
		0473AC85290BBDDB00ABB348 /* Folders.swift */ = {isa = PBXFileReference; lastKnownFileType = sourcecode.swift; path = Folders.swift; sourceTree = "<group>"; };
		0473AC87290BC0E100ABB348 /* MainView.swift */ = {isa = PBXFileReference; lastKnownFileType = sourcecode.swift; path = MainView.swift; sourceTree = "<group>"; };
		0473AC89290BC94300ABB348 /* MainRouter.swift */ = {isa = PBXFileReference; lastKnownFileType = sourcecode.swift; path = MainRouter.swift; sourceTree = "<group>"; };
		04FEB3DA29070B66008844DE /* OROApp.swift */ = {isa = PBXFileReference; lastKnownFileType = sourcecode.swift; path = OROApp.swift; sourceTree = "<group>"; };
		04FEB3DB29070B66008844DE /* SplashView.swift */ = {isa = PBXFileReference; lastKnownFileType = sourcecode.swift; path = SplashView.swift; sourceTree = "<group>"; };
		04FEB3DC29070B6A008844DE /* Assets.xcassets */ = {isa = PBXFileReference; lastKnownFileType = folder.assetcatalog; path = Assets.xcassets; sourceTree = "<group>"; };
		04FEB3E129070B6B008844DE /* ORO.app */ = {isa = PBXFileReference; explicitFileType = wrapper.application; includeInIndex = 0; path = ORO.app; sourceTree = BUILT_PRODUCTS_DIR; };
		04FEB3E729070B6B008844DE /* ORO.app */ = {isa = PBXFileReference; explicitFileType = wrapper.application; includeInIndex = 0; path = ORO.app; sourceTree = BUILT_PRODUCTS_DIR; };
		04FEB3E929070B6B008844DE /* macOS.entitlements */ = {isa = PBXFileReference; lastKnownFileType = text.plist.entitlements; path = macOS.entitlements; sourceTree = "<group>"; };
		04FEB3EE29070B6B008844DE /* Tests iOS.xctest */ = {isa = PBXFileReference; explicitFileType = wrapper.cfbundle; includeInIndex = 0; path = "Tests iOS.xctest"; sourceTree = BUILT_PRODUCTS_DIR; };
		04FEB3F229070B6B008844DE /* Tests_iOS.swift */ = {isa = PBXFileReference; lastKnownFileType = sourcecode.swift; path = Tests_iOS.swift; sourceTree = "<group>"; };
		04FEB3F429070B6B008844DE /* Tests_iOSLaunchTests.swift */ = {isa = PBXFileReference; lastKnownFileType = sourcecode.swift; path = Tests_iOSLaunchTests.swift; sourceTree = "<group>"; };
		04FEB3FA29070B6B008844DE /* Tests macOS.xctest */ = {isa = PBXFileReference; explicitFileType = wrapper.cfbundle; includeInIndex = 0; path = "Tests macOS.xctest"; sourceTree = BUILT_PRODUCTS_DIR; };
		04FEB3FE29070B6B008844DE /* Tests_macOS.swift */ = {isa = PBXFileReference; lastKnownFileType = sourcecode.swift; path = Tests_macOS.swift; sourceTree = "<group>"; };
		04FEB40029070B6B008844DE /* Tests_macOSLaunchTests.swift */ = {isa = PBXFileReference; lastKnownFileType = sourcecode.swift; path = Tests_macOSLaunchTests.swift; sourceTree = "<group>"; };
		A721A9D9291FCD89005E043B /* AudioPlayer.swift */ = {isa = PBXFileReference; lastKnownFileType = sourcecode.swift; path = AudioPlayer.swift; sourceTree = "<group>"; };
		A721A9DC291FCDD7005E043B /* AudioRecorder.swift */ = {isa = PBXFileReference; lastKnownFileType = sourcecode.swift; path = AudioRecorder.swift; sourceTree = "<group>"; };
		A721A9DF291FCEA2005E043B /* AudioExtensions.swift */ = {isa = PBXFileReference; lastKnownFileType = sourcecode.swift; path = AudioExtensions.swift; sourceTree = "<group>"; };
		A721A9E2291FCEDE005E043B /* AudioHelper.swift */ = {isa = PBXFileReference; lastKnownFileType = sourcecode.swift; path = AudioHelper.swift; sourceTree = "<group>"; };
		A721A9E5291FCF15005E043B /* AudioRecodingDataModel.swift */ = {isa = PBXFileReference; lastKnownFileType = sourcecode.swift; path = AudioRecodingDataModel.swift; sourceTree = "<group>"; };
		A72456712930E4D300FA4F19 /* WaveformVIew.swift */ = {isa = PBXFileReference; lastKnownFileType = sourcecode.swift; path = WaveformVIew.swift; sourceTree = "<group>"; };
		A724567F2930E77C00FA4F19 /* WaveformImageTypes.swift */ = {isa = PBXFileReference; fileEncoding = 4; lastKnownFileType = sourcecode.swift; path = WaveformImageTypes.swift; sourceTree = "<group>"; };
		A72456802930E77C00FA4F19 /* LinearWaveformRenderer.swift */ = {isa = PBXFileReference; fileEncoding = 4; lastKnownFileType = sourcecode.swift; path = LinearWaveformRenderer.swift; sourceTree = "<group>"; };
		A72456872930EA2100FA4F19 /* WaveformImageDrawer.swift */ = {isa = PBXFileReference; lastKnownFileType = sourcecode.swift; path = WaveformImageDrawer.swift; sourceTree = "<group>"; };
		A724568A2930EA8B00FA4F19 /* WaveformAnalyzer.swift */ = {isa = PBXFileReference; lastKnownFileType = sourcecode.swift; path = WaveformAnalyzer.swift; sourceTree = "<group>"; };
		A724568D2930EAE300FA4F19 /* TempiFFT.swift */ = {isa = PBXFileReference; lastKnownFileType = sourcecode.swift; path = TempiFFT.swift; sourceTree = "<group>"; };
		A72456902930F88300FA4F19 /* WaveformImageDrawer+iOS.swift */ = {isa = PBXFileReference; lastKnownFileType = sourcecode.swift; path = "WaveformImageDrawer+iOS.swift"; sourceTree = "<group>"; };
		A72456932930FC4D00FA4F19 /* WaveformRenderer.swift */ = {isa = PBXFileReference; lastKnownFileType = sourcecode.swift; path = WaveformRenderer.swift; sourceTree = "<group>"; };
		A74643122924F4A3006A080B /* LocalStorage.swift */ = {isa = PBXFileReference; lastKnownFileType = sourcecode.swift; path = LocalStorage.swift; sourceTree = "<group>"; };
		A74643142925265F006A080B /* AddFolder.swift */ = {isa = PBXFileReference; lastKnownFileType = sourcecode.swift; path = AddFolder.swift; sourceTree = "<group>"; };
		A746431629253426006A080B /* ChooseRecords.swift */ = {isa = PBXFileReference; lastKnownFileType = sourcecode.swift; path = ChooseRecords.swift; sourceTree = "<group>"; };
		A74643192925B329006A080B /* FolderManager.swift */ = {isa = PBXFileReference; lastKnownFileType = sourcecode.swift; path = FolderManager.swift; sourceTree = "<group>"; };
		A746431B2925B3AD006A080B /* FolderModal.swift */ = {isa = PBXFileReference; lastKnownFileType = sourcecode.swift; path = FolderModal.swift; sourceTree = "<group>"; };
		A77AED3329272E3C008525C6 /* RecordPlayer.swift */ = {isa = PBXFileReference; lastKnownFileType = sourcecode.swift; path = RecordPlayer.swift; sourceTree = "<group>"; };
		A77AED35292737EF008525C6 /* RecordEdit.swift */ = {isa = PBXFileReference; lastKnownFileType = sourcecode.swift; path = RecordEdit.swift; sourceTree = "<group>"; };
		A77AED372927A325008525C6 /* audio_player.gif */ = {isa = PBXFileReference; lastKnownFileType = image.gif; path = audio_player.gif; sourceTree = "<group>"; };
		A77AED392927AE91008525C6 /* AudioPlayerView.swift */ = {isa = PBXFileReference; lastKnownFileType = sourcecode.swift; path = AudioPlayerView.swift; sourceTree = "<group>"; };
		A77AED3B2927B1A2008525C6 /* _audioTest.m4a */ = {isa = PBXFileReference; lastKnownFileType = file; path = _audioTest.m4a; sourceTree = "<group>"; };
		A77AED3D2927C816008525C6 /* audioTest.m4a */ = {isa = PBXFileReference; lastKnownFileType = file; path = audioTest.m4a; sourceTree = "<group>"; };
		A77AED3F2927FFD6008525C6 /* GifImage.swift */ = {isa = PBXFileReference; lastKnownFileType = sourcecode.swift; path = GifImage.swift; sourceTree = "<group>"; };
		A77AED41292881A4008525C6 /* TranscriptionProcess.swift */ = {isa = PBXFileReference; lastKnownFileType = sourcecode.swift; path = TranscriptionProcess.swift; sourceTree = "<group>"; };
		A77AED4329289C55008525C6 /* ORO--iOS--Info.plist */ = {isa = PBXFileReference; lastKnownFileType = text.plist; path = "ORO--iOS--Info.plist"; sourceTree = "<group>"; };
		A79655C329524AB9004E6F46 /* GoogleService-Info.plist */ = {isa = PBXFileReference; fileEncoding = 4; lastKnownFileType = text.plist.xml; path = "GoogleService-Info.plist"; sourceTree = "<group>"; };
		A7C077F3291E6FF60011C3A6 /* SignupView.swift */ = {isa = PBXFileReference; lastKnownFileType = sourcecode.swift; path = SignupView.swift; sourceTree = "<group>"; };
		A7C077FF291ECA8D0011C3A6 /* GoogleService-Info.plist */ = {isa = PBXFileReference; fileEncoding = 4; lastKnownFileType = text.plist.xml; path = "GoogleService-Info.plist"; sourceTree = "<group>"; };
/* End PBXFileReference section */

/* Begin PBXFrameworksBuildPhase section */
		04FEB3DE29070B6A008844DE /* Frameworks */ = {
			isa = PBXFrameworksBuildPhase;
			buildActionMask = 2147483647;
			files = (
				A74643212925E77A006A080B /* FirebaseAnalyticsSwift in Frameworks */,
				A746431F2925E2BC006A080B /* FirebaseDatabaseSwift in Frameworks */,
				A7C077EC291E6F040011C3A6 /* FirebaseDatabase in Frameworks */,
				A77AED2F29270620008525C6 /* Starscream in Frameworks */,
				A72456702930D14A00FA4F19 /* DSWaveformImage in Frameworks */,
				A77AED3229272B7A008525C6 /* SwiftUIGIF in Frameworks */,
				A7C077EE291E6F040011C3A6 /* FirebaseFirestore in Frameworks */,
				A7C077F0291E6F040011C3A6 /* FirebaseMessaging in Frameworks */,
				A7C077E8291E6F040011C3A6 /* FirebaseAnalytics in Frameworks */,
				A7C077EA291E6F040011C3A6 /* FirebaseAuth in Frameworks */,
				A72F7F142922B15C00C093F4 /* Waveform in Frameworks */,
				A7C077F2291E6F040011C3A6 /* FirebaseStorage in Frameworks */,
			);
			runOnlyForDeploymentPostprocessing = 0;
		};
		04FEB3E429070B6B008844DE /* Frameworks */ = {
			isa = PBXFrameworksBuildPhase;
			buildActionMask = 2147483647;
			files = (
			);
			runOnlyForDeploymentPostprocessing = 0;
		};
		04FEB3EB29070B6B008844DE /* Frameworks */ = {
			isa = PBXFrameworksBuildPhase;
			buildActionMask = 2147483647;
			files = (
			);
			runOnlyForDeploymentPostprocessing = 0;
		};
		04FEB3F729070B6B008844DE /* Frameworks */ = {
			isa = PBXFrameworksBuildPhase;
			buildActionMask = 2147483647;
			files = (
			);
			runOnlyForDeploymentPostprocessing = 0;
		};
/* End PBXFrameworksBuildPhase section */

/* Begin PBXGroup section */
		046903FA290921C200A232D7 /* Splash */ = {
			isa = PBXGroup;
			children = (
				04FEB3DB29070B66008844DE /* SplashView.swift */,
			);
			path = Splash;
			sourceTree = "<group>";
		};
		046903FF2909263400A232D7 /* Auth */ = {
			isa = PBXGroup;
			children = (
				046904002909267800A232D7 /* SigninView.swift */,
				A7C077F3291E6FF60011C3A6 /* SignupView.swift */,
			);
			path = Auth;
			sourceTree = "<group>";
		};
		0473AC7A290BB9D300ABB348 /* Main */ = {
			isa = PBXGroup;
			children = (
				0473AC84290BBDB600ABB348 /* Folders */,
				0473AC7D290BBB2700ABB348 /* Settings */,
				0473AC7C290BBB0D00ABB348 /* Audiograms */,
				0473AC7B290BBAE200ABB348 /* Records */,
				0473AC87290BC0E100ABB348 /* MainView.swift */,
				0473AC89290BC94300ABB348 /* MainRouter.swift */,
			);
			path = Main;
			sourceTree = "<group>";
		};
		0473AC7B290BBAE200ABB348 /* Records */ = {
			isa = PBXGroup;
			children = (
				0473AC82290BBBE500ABB348 /* Records.swift */,
				A77AED3329272E3C008525C6 /* RecordPlayer.swift */,
				A77AED35292737EF008525C6 /* RecordEdit.swift */,
				A77AED392927AE91008525C6 /* AudioPlayerView.swift */,
				A77AED3F2927FFD6008525C6 /* GifImage.swift */,
				A77AED41292881A4008525C6 /* TranscriptionProcess.swift */,
			);
			path = Records;
			sourceTree = "<group>";
		};
		0473AC7C290BBB0D00ABB348 /* Audiograms */ = {
			isa = PBXGroup;
			children = (
				0473AC80290BBBCD00ABB348 /* Audiograms.swift */,
			);
			path = Audiograms;
			sourceTree = "<group>";
		};
		0473AC7D290BBB2700ABB348 /* Settings */ = {
			isa = PBXGroup;
			children = (
				0473AC7E290BBBAE00ABB348 /* Settings.swift */,
			);
			path = Settings;
			sourceTree = "<group>";
		};
		0473AC84290BBDB600ABB348 /* Folders */ = {
			isa = PBXGroup;
			children = (
				0473AC85290BBDDB00ABB348 /* Folders.swift */,
				A74643142925265F006A080B /* AddFolder.swift */,
				A746431629253426006A080B /* ChooseRecords.swift */,
			);
			path = Folders;
			sourceTree = "<group>";
		};
		04FEB3D429070B65008844DE = {
			isa = PBXGroup;
			children = (
				A77AED4329289C55008525C6 /* ORO--iOS--Info.plist */,
				04FEB3D929070B65008844DE /* Shared */,
				04FEB3E829070B6B008844DE /* macOS */,
				04FEB3F129070B6B008844DE /* Tests iOS */,
				04FEB3FD29070B6B008844DE /* Tests macOS */,
				04FEB3E229070B6B008844DE /* Products */,
				A746431D2925E2BC006A080B /* Frameworks */,
			);
			sourceTree = "<group>";
		};
		04FEB3D929070B65008844DE /* Shared */ = {
			isa = PBXGroup;
			children = (
				A79655C329524AB9004E6F46 /* GoogleService-Info.plist */,
				A72456742930E53B00FA4F19 /* WaveFormView */,
				A77AED3B2927B1A2008525C6 /* _audioTest.m4a */,
				A77AED3D2927C816008525C6 /* audioTest.m4a */,
				A77AED372927A325008525C6 /* audio_player.gif */,
				A74643182925B301006A080B /* FolderManager */,
				A721A9E829212EDA005E043B /* StorageManager */,
				A721A9D6291FCD17005E043B /* AudioManager */,
				A7C077FF291ECA8D0011C3A6 /* GoogleService-Info.plist */,
				0473AC7A290BB9D300ABB348 /* Main */,
				046903FF2909263400A232D7 /* Auth */,
				046903FA290921C200A232D7 /* Splash */,
				04FEB3DA29070B66008844DE /* OROApp.swift */,
				04FEB3DC29070B6A008844DE /* Assets.xcassets */,
			);
			path = Shared;
			sourceTree = "<group>";
		};
		04FEB3E229070B6B008844DE /* Products */ = {
			isa = PBXGroup;
			children = (
				04FEB3E129070B6B008844DE /* ORO.app */,
				04FEB3E729070B6B008844DE /* ORO.app */,
				04FEB3EE29070B6B008844DE /* Tests iOS.xctest */,
				04FEB3FA29070B6B008844DE /* Tests macOS.xctest */,
			);
			name = Products;
			sourceTree = "<group>";
		};
		04FEB3E829070B6B008844DE /* macOS */ = {
			isa = PBXGroup;
			children = (
				04FEB3E929070B6B008844DE /* macOS.entitlements */,
			);
			path = macOS;
			sourceTree = "<group>";
		};
		04FEB3F129070B6B008844DE /* Tests iOS */ = {
			isa = PBXGroup;
			children = (
				04FEB3F229070B6B008844DE /* Tests_iOS.swift */,
				04FEB3F429070B6B008844DE /* Tests_iOSLaunchTests.swift */,
			);
			path = "Tests iOS";
			sourceTree = "<group>";
		};
		04FEB3FD29070B6B008844DE /* Tests macOS */ = {
			isa = PBXGroup;
			children = (
				04FEB3FE29070B6B008844DE /* Tests_macOS.swift */,
				04FEB40029070B6B008844DE /* Tests_macOSLaunchTests.swift */,
			);
			path = "Tests macOS";
			sourceTree = "<group>";
		};
		A721A9D6291FCD17005E043B /* AudioManager */ = {
			isa = PBXGroup;
			children = (
				A721A9D9291FCD89005E043B /* AudioPlayer.swift */,
				A721A9DC291FCDD7005E043B /* AudioRecorder.swift */,
				A721A9DF291FCEA2005E043B /* AudioExtensions.swift */,
				A721A9E2291FCEDE005E043B /* AudioHelper.swift */,
				A721A9E5291FCF15005E043B /* AudioRecodingDataModel.swift */,
			);
			path = AudioManager;
			sourceTree = "<group>";
		};
		A721A9E829212EDA005E043B /* StorageManager */ = {
			isa = PBXGroup;
			children = (
				A74643122924F4A3006A080B /* LocalStorage.swift */,
			);
			path = StorageManager;
			sourceTree = "<group>";
		};
		A72456742930E53B00FA4F19 /* WaveFormView */ = {
			isa = PBXGroup;
			children = (
				A72456802930E77C00FA4F19 /* LinearWaveformRenderer.swift */,
				A724567F2930E77C00FA4F19 /* WaveformImageTypes.swift */,
				A72456712930E4D300FA4F19 /* WaveformVIew.swift */,
				A72456872930EA2100FA4F19 /* WaveformImageDrawer.swift */,
				A724568A2930EA8B00FA4F19 /* WaveformAnalyzer.swift */,
				A724568D2930EAE300FA4F19 /* TempiFFT.swift */,
				A72456902930F88300FA4F19 /* WaveformImageDrawer+iOS.swift */,
				A72456932930FC4D00FA4F19 /* WaveformRenderer.swift */,
			);
			path = WaveFormView;
			sourceTree = "<group>";
		};
		A74643182925B301006A080B /* FolderManager */ = {
			isa = PBXGroup;
			children = (
				A74643192925B329006A080B /* FolderManager.swift */,
				A746431B2925B3AD006A080B /* FolderModal.swift */,
			);
			path = FolderManager;
			sourceTree = "<group>";
		};
		A746431D2925E2BC006A080B /* Frameworks */ = {
			isa = PBXGroup;
			children = (
			);
			name = Frameworks;
			sourceTree = "<group>";
		};
/* End PBXGroup section */

/* Begin PBXNativeTarget section */
		04FEB3E029070B6A008844DE /* ORO (iOS) */ = {
			isa = PBXNativeTarget;
			buildConfigurationList = 04FEB40A29070B6B008844DE /* Build configuration list for PBXNativeTarget "ORO (iOS)" */;
			buildPhases = (
				04FEB3DD29070B6A008844DE /* Sources */,
				04FEB3DE29070B6A008844DE /* Frameworks */,
				04FEB3DF29070B6A008844DE /* Resources */,
			);
			buildRules = (
			);
			dependencies = (
			);
			name = "ORO (iOS)";
			packageProductDependencies = (
				A7C077E7291E6F040011C3A6 /* FirebaseAnalytics */,
				A7C077E9291E6F040011C3A6 /* FirebaseAuth */,
				A7C077EB291E6F040011C3A6 /* FirebaseDatabase */,
				A7C077ED291E6F040011C3A6 /* FirebaseFirestore */,
				A7C077EF291E6F040011C3A6 /* FirebaseMessaging */,
				A7C077F1291E6F040011C3A6 /* FirebaseStorage */,
				A72F7F132922B15C00C093F4 /* Waveform */,
				A746431E2925E2BC006A080B /* FirebaseDatabaseSwift */,
				A74643202925E77A006A080B /* FirebaseAnalyticsSwift */,
				A77AED2E29270620008525C6 /* Starscream */,
				A77AED3129272B7A008525C6 /* SwiftUIGIF */,
				A724566F2930D14A00FA4F19 /* DSWaveformImage */,
			);
			productName = "ORO (iOS)";
			productReference = 04FEB3E129070B6B008844DE /* ORO.app */;
			productType = "com.apple.product-type.application";
		};
		04FEB3E629070B6B008844DE /* ORO (macOS) */ = {
			isa = PBXNativeTarget;
			buildConfigurationList = 04FEB40D29070B6B008844DE /* Build configuration list for PBXNativeTarget "ORO (macOS)" */;
			buildPhases = (
				04FEB3E329070B6B008844DE /* Sources */,
				04FEB3E429070B6B008844DE /* Frameworks */,
				04FEB3E529070B6B008844DE /* Resources */,
			);
			buildRules = (
			);
			dependencies = (
			);
			name = "ORO (macOS)";
			productName = "ORO (macOS)";
			productReference = 04FEB3E729070B6B008844DE /* ORO.app */;
			productType = "com.apple.product-type.application";
		};
		04FEB3ED29070B6B008844DE /* Tests iOS */ = {
			isa = PBXNativeTarget;
			buildConfigurationList = 04FEB41029070B6B008844DE /* Build configuration list for PBXNativeTarget "Tests iOS" */;
			buildPhases = (
				04FEB3EA29070B6B008844DE /* Sources */,
				04FEB3EB29070B6B008844DE /* Frameworks */,
				04FEB3EC29070B6B008844DE /* Resources */,
			);
			buildRules = (
			);
			dependencies = (
				04FEB3F029070B6B008844DE /* PBXTargetDependency */,
			);
			name = "Tests iOS";
			productName = "Tests iOS";
			productReference = 04FEB3EE29070B6B008844DE /* Tests iOS.xctest */;
			productType = "com.apple.product-type.bundle.ui-testing";
		};
		04FEB3F929070B6B008844DE /* Tests macOS */ = {
			isa = PBXNativeTarget;
			buildConfigurationList = 04FEB41329070B6B008844DE /* Build configuration list for PBXNativeTarget "Tests macOS" */;
			buildPhases = (
				04FEB3F629070B6B008844DE /* Sources */,
				04FEB3F729070B6B008844DE /* Frameworks */,
				04FEB3F829070B6B008844DE /* Resources */,
			);
			buildRules = (
			);
			dependencies = (
				04FEB3FC29070B6B008844DE /* PBXTargetDependency */,
			);
			name = "Tests macOS";
			productName = "Tests macOS";
			productReference = 04FEB3FA29070B6B008844DE /* Tests macOS.xctest */;
			productType = "com.apple.product-type.bundle.ui-testing";
		};
/* End PBXNativeTarget section */

/* Begin PBXProject section */
		04FEB3D529070B65008844DE /* Project object */ = {
			isa = PBXProject;
			attributes = {
				BuildIndependentTargetsInParallel = 1;
				LastSwiftUpdateCheck = 1320;
				LastUpgradeCheck = 1410;
				TargetAttributes = {
					04FEB3E029070B6A008844DE = {
						CreatedOnToolsVersion = 13.2.1;
					};
					04FEB3E629070B6B008844DE = {
						CreatedOnToolsVersion = 13.2.1;
					};
					04FEB3ED29070B6B008844DE = {
						CreatedOnToolsVersion = 13.2.1;
						TestTargetID = 04FEB3E029070B6A008844DE;
					};
					04FEB3F929070B6B008844DE = {
						CreatedOnToolsVersion = 13.2.1;
						TestTargetID = 04FEB3E629070B6B008844DE;
					};
				};
			};
			buildConfigurationList = 04FEB3D829070B65008844DE /* Build configuration list for PBXProject "ORO" */;
			compatibilityVersion = "Xcode 13.0";
			developmentRegion = en;
			hasScannedForEncodings = 0;
			knownRegions = (
				en,
				Base,
			);
			mainGroup = 04FEB3D429070B65008844DE;
			packageReferences = (
				A7C077E6291E6F040011C3A6 /* XCRemoteSwiftPackageReference "firebase-ios-sdk" */,
				A72F7F122922B15C00C093F4 /* XCRemoteSwiftPackageReference "Waveform" */,
				A77AED2D29270620008525C6 /* XCRemoteSwiftPackageReference "Starscream" */,
				A77AED3029272B7A008525C6 /* XCRemoteSwiftPackageReference "swiftui-gif" */,
				A724566E2930D14A00FA4F19 /* XCRemoteSwiftPackageReference "DSWaveformImage" */,
			);
			productRefGroup = 04FEB3E229070B6B008844DE /* Products */;
			projectDirPath = "";
			projectRoot = "";
			targets = (
				04FEB3E029070B6A008844DE /* ORO (iOS) */,
				04FEB3E629070B6B008844DE /* ORO (macOS) */,
				04FEB3ED29070B6B008844DE /* Tests iOS */,
				04FEB3F929070B6B008844DE /* Tests macOS */,
			);
		};
/* End PBXProject section */

/* Begin PBXResourcesBuildPhase section */
		04FEB3DF29070B6A008844DE /* Resources */ = {
			isa = PBXResourcesBuildPhase;
			buildActionMask = 2147483647;
			files = (
				04FEB40629070B6B008844DE /* Assets.xcassets in Resources */,
				A7C07800291ECA8D0011C3A6 /* GoogleService-Info.plist in Resources */,
				A77AED382927A325008525C6 /* audio_player.gif in Resources */,
				A77AED3C2927B1A2008525C6 /* _audioTest.m4a in Resources */,
				A77AED3E2927C816008525C6 /* audioTest.m4a in Resources */,
				A79655C429524ABA004E6F46 /* GoogleService-Info.plist in Resources */,
			);
			runOnlyForDeploymentPostprocessing = 0;
		};
		04FEB3E529070B6B008844DE /* Resources */ = {
			isa = PBXResourcesBuildPhase;
			buildActionMask = 2147483647;
			files = (
				04FEB40729070B6B008844DE /* Assets.xcassets in Resources */,
				A7C07801291ECA8D0011C3A6 /* GoogleService-Info.plist in Resources */,
				A79655C529524ABA004E6F46 /* GoogleService-Info.plist in Resources */,
			);
			runOnlyForDeploymentPostprocessing = 0;
		};
		04FEB3EC29070B6B008844DE /* Resources */ = {
			isa = PBXResourcesBuildPhase;
			buildActionMask = 2147483647;
			files = (
			);
			runOnlyForDeploymentPostprocessing = 0;
		};
		04FEB3F829070B6B008844DE /* Resources */ = {
			isa = PBXResourcesBuildPhase;
			buildActionMask = 2147483647;
			files = (
			);
			runOnlyForDeploymentPostprocessing = 0;
		};
/* End PBXResourcesBuildPhase section */

/* Begin PBXSourcesBuildPhase section */
		04FEB3DD29070B6A008844DE /* Sources */ = {
			isa = PBXSourcesBuildPhase;
			buildActionMask = 2147483647;
			files = (
				A724568E2930EAE300FA4F19 /* TempiFFT.swift in Sources */,
				0473AC83290BBBE500ABB348 /* Records.swift in Sources */,
				A721A9E0291FCEA2005E043B /* AudioExtensions.swift in Sources */,
				A77AED402927FFD6008525C6 /* GifImage.swift in Sources */,
				04FEB40429070B6B008844DE /* SplashView.swift in Sources */,
				A72456942930FC4D00FA4F19 /* WaveformRenderer.swift in Sources */,
				A77AED3429272E3C008525C6 /* RecordPlayer.swift in Sources */,
				A72456882930EA2100FA4F19 /* WaveformImageDrawer.swift in Sources */,
				A72456852930E77C00FA4F19 /* LinearWaveformRenderer.swift in Sources */,
				A721A9DA291FCD89005E043B /* AudioPlayer.swift in Sources */,
				A724568B2930EA8B00FA4F19 /* WaveformAnalyzer.swift in Sources */,
				0473AC88290BC0E100ABB348 /* MainView.swift in Sources */,
				A746431C2925B3AD006A080B /* FolderModal.swift in Sources */,
				A74643152925265F006A080B /* AddFolder.swift in Sources */,
				0473AC86290BBDDB00ABB348 /* Folders.swift in Sources */,
				A7C077F4291E6FF60011C3A6 /* SignupView.swift in Sources */,
				A77AED36292737EF008525C6 /* RecordEdit.swift in Sources */,
				A721A9DD291FCDD7005E043B /* AudioRecorder.swift in Sources */,
				A721A9E3291FCEDE005E043B /* AudioHelper.swift in Sources */,
				A746431A2925B329006A080B /* FolderManager.swift in Sources */,
				04FEB40229070B6B008844DE /* OROApp.swift in Sources */,
				A77AED3A2927AE91008525C6 /* AudioPlayerView.swift in Sources */,
				0473AC7F290BBBAF00ABB348 /* Settings.swift in Sources */,
				0473AC81290BBBCD00ABB348 /* Audiograms.swift in Sources */,
				046904012909267900A232D7 /* SigninView.swift in Sources */,
				A77AED42292881A4008525C6 /* TranscriptionProcess.swift in Sources */,
				A74643132924F4A3006A080B /* LocalStorage.swift in Sources */,
				0473AC8A290BC94300ABB348 /* MainRouter.swift in Sources */,
				A721A9E6291FCF15005E043B /* AudioRecodingDataModel.swift in Sources */,
				A746431729253426006A080B /* ChooseRecords.swift in Sources */,
				A72456912930F88300FA4F19 /* WaveformImageDrawer+iOS.swift in Sources */,
				A72456832930E77C00FA4F19 /* WaveformImageTypes.swift in Sources */,
				A72456722930E4D300FA4F19 /* WaveformVIew.swift in Sources */,
			);
			runOnlyForDeploymentPostprocessing = 0;
		};
		04FEB3E329070B6B008844DE /* Sources */ = {
			isa = PBXSourcesBuildPhase;
			buildActionMask = 2147483647;
			files = (
				A721A9DE291FCDD7005E043B /* AudioRecorder.swift in Sources */,
				A7C077F5291E6FF60011C3A6 /* SignupView.swift in Sources */,
				A72456842930E77C00FA4F19 /* WaveformImageTypes.swift in Sources */,
				A721A9E7291FCF15005E043B /* AudioRecodingDataModel.swift in Sources */,
				04FEB40529070B6B008844DE /* SplashView.swift in Sources */,
				A721A9DB291FCD89005E043B /* AudioPlayer.swift in Sources */,
				A724568C2930EA8B00FA4F19 /* WaveformAnalyzer.swift in Sources */,
				A724568F2930EAE300FA4F19 /* TempiFFT.swift in Sources */,
				04FEB40329070B6B008844DE /* OROApp.swift in Sources */,
				A72456862930E77C00FA4F19 /* LinearWaveformRenderer.swift in Sources */,
				A72456952930FC4D00FA4F19 /* WaveformRenderer.swift in Sources */,
				A721A9E1291FCEA2005E043B /* AudioExtensions.swift in Sources */,
				A72456892930EA2100FA4F19 /* WaveformImageDrawer.swift in Sources */,
				A721A9E4291FCEDE005E043B /* AudioHelper.swift in Sources */,
				A72456922930F88300FA4F19 /* WaveformImageDrawer+iOS.swift in Sources */,
				046904022909267900A232D7 /* SigninView.swift in Sources */,
				A72456732930E4D300FA4F19 /* WaveformVIew.swift in Sources */,
			);
			runOnlyForDeploymentPostprocessing = 0;
		};
		04FEB3EA29070B6B008844DE /* Sources */ = {
			isa = PBXSourcesBuildPhase;
			buildActionMask = 2147483647;
			files = (
				04FEB3F529070B6B008844DE /* Tests_iOSLaunchTests.swift in Sources */,
				04FEB3F329070B6B008844DE /* Tests_iOS.swift in Sources */,
			);
			runOnlyForDeploymentPostprocessing = 0;
		};
		04FEB3F629070B6B008844DE /* Sources */ = {
			isa = PBXSourcesBuildPhase;
			buildActionMask = 2147483647;
			files = (
				04FEB40129070B6B008844DE /* Tests_macOSLaunchTests.swift in Sources */,
				04FEB3FF29070B6B008844DE /* Tests_macOS.swift in Sources */,
			);
			runOnlyForDeploymentPostprocessing = 0;
		};
/* End PBXSourcesBuildPhase section */

/* Begin PBXTargetDependency section */
		04FEB3F029070B6B008844DE /* PBXTargetDependency */ = {
			isa = PBXTargetDependency;
			target = 04FEB3E029070B6A008844DE /* ORO (iOS) */;
			targetProxy = 04FEB3EF29070B6B008844DE /* PBXContainerItemProxy */;
		};
		04FEB3FC29070B6B008844DE /* PBXTargetDependency */ = {
			isa = PBXTargetDependency;
			target = 04FEB3E629070B6B008844DE /* ORO (macOS) */;
			targetProxy = 04FEB3FB29070B6B008844DE /* PBXContainerItemProxy */;
		};
/* End PBXTargetDependency section */

/* Begin XCBuildConfiguration section */
		04FEB40829070B6B008844DE /* Debug */ = {
			isa = XCBuildConfiguration;
			buildSettings = {
				ALWAYS_SEARCH_USER_PATHS = NO;
				CLANG_ANALYZER_NONNULL = YES;
				CLANG_ANALYZER_NUMBER_OBJECT_CONVERSION = YES_AGGRESSIVE;
				CLANG_CXX_LANGUAGE_STANDARD = "gnu++17";
				CLANG_CXX_LIBRARY = "libc++";
				CLANG_ENABLE_MODULES = YES;
				CLANG_ENABLE_OBJC_ARC = YES;
				CLANG_ENABLE_OBJC_WEAK = YES;
				CLANG_WARN_BLOCK_CAPTURE_AUTORELEASING = YES;
				CLANG_WARN_BOOL_CONVERSION = YES;
				CLANG_WARN_COMMA = YES;
				CLANG_WARN_CONSTANT_CONVERSION = YES;
				CLANG_WARN_DEPRECATED_OBJC_IMPLEMENTATIONS = YES;
				CLANG_WARN_DIRECT_OBJC_ISA_USAGE = YES_ERROR;
				CLANG_WARN_DOCUMENTATION_COMMENTS = YES;
				CLANG_WARN_EMPTY_BODY = YES;
				CLANG_WARN_ENUM_CONVERSION = YES;
				CLANG_WARN_INFINITE_RECURSION = YES;
				CLANG_WARN_INT_CONVERSION = YES;
				CLANG_WARN_NON_LITERAL_NULL_CONVERSION = YES;
				CLANG_WARN_OBJC_IMPLICIT_RETAIN_SELF = YES;
				CLANG_WARN_OBJC_LITERAL_CONVERSION = YES;
				CLANG_WARN_OBJC_ROOT_CLASS = YES_ERROR;
				CLANG_WARN_QUOTED_INCLUDE_IN_FRAMEWORK_HEADER = YES;
				CLANG_WARN_RANGE_LOOP_ANALYSIS = YES;
				CLANG_WARN_STRICT_PROTOTYPES = YES;
				CLANG_WARN_SUSPICIOUS_MOVE = YES;
				CLANG_WARN_UNGUARDED_AVAILABILITY = YES_AGGRESSIVE;
				CLANG_WARN_UNREACHABLE_CODE = YES;
				CLANG_WARN__DUPLICATE_METHOD_MATCH = YES;
				COPY_PHASE_STRIP = NO;
				DEAD_CODE_STRIPPING = YES;
				DEBUG_INFORMATION_FORMAT = dwarf;
				ENABLE_STRICT_OBJC_MSGSEND = YES;
				ENABLE_TESTABILITY = YES;
				GCC_C_LANGUAGE_STANDARD = gnu11;
				GCC_DYNAMIC_NO_PIC = NO;
				GCC_NO_COMMON_BLOCKS = YES;
				GCC_OPTIMIZATION_LEVEL = 0;
				GCC_PREPROCESSOR_DEFINITIONS = (
					"DEBUG=1",
					"$(inherited)",
				);
				GCC_WARN_64_TO_32_BIT_CONVERSION = YES;
				GCC_WARN_ABOUT_RETURN_TYPE = YES_ERROR;
				GCC_WARN_UNDECLARED_SELECTOR = YES;
				GCC_WARN_UNINITIALIZED_AUTOS = YES_AGGRESSIVE;
				GCC_WARN_UNUSED_FUNCTION = YES;
				GCC_WARN_UNUSED_VARIABLE = YES;
				MTL_ENABLE_DEBUG_INFO = INCLUDE_SOURCE;
				MTL_FAST_MATH = YES;
				ONLY_ACTIVE_ARCH = YES;
				SWIFT_ACTIVE_COMPILATION_CONDITIONS = DEBUG;
				SWIFT_OPTIMIZATION_LEVEL = "-Onone";
			};
			name = Debug;
		};
		04FEB40929070B6B008844DE /* Release */ = {
			isa = XCBuildConfiguration;
			buildSettings = {
				ALWAYS_SEARCH_USER_PATHS = NO;
				CLANG_ANALYZER_NONNULL = YES;
				CLANG_ANALYZER_NUMBER_OBJECT_CONVERSION = YES_AGGRESSIVE;
				CLANG_CXX_LANGUAGE_STANDARD = "gnu++17";
				CLANG_CXX_LIBRARY = "libc++";
				CLANG_ENABLE_MODULES = YES;
				CLANG_ENABLE_OBJC_ARC = YES;
				CLANG_ENABLE_OBJC_WEAK = YES;
				CLANG_WARN_BLOCK_CAPTURE_AUTORELEASING = YES;
				CLANG_WARN_BOOL_CONVERSION = YES;
				CLANG_WARN_COMMA = YES;
				CLANG_WARN_CONSTANT_CONVERSION = YES;
				CLANG_WARN_DEPRECATED_OBJC_IMPLEMENTATIONS = YES;
				CLANG_WARN_DIRECT_OBJC_ISA_USAGE = YES_ERROR;
				CLANG_WARN_DOCUMENTATION_COMMENTS = YES;
				CLANG_WARN_EMPTY_BODY = YES;
				CLANG_WARN_ENUM_CONVERSION = YES;
				CLANG_WARN_INFINITE_RECURSION = YES;
				CLANG_WARN_INT_CONVERSION = YES;
				CLANG_WARN_NON_LITERAL_NULL_CONVERSION = YES;
				CLANG_WARN_OBJC_IMPLICIT_RETAIN_SELF = YES;
				CLANG_WARN_OBJC_LITERAL_CONVERSION = YES;
				CLANG_WARN_OBJC_ROOT_CLASS = YES_ERROR;
				CLANG_WARN_QUOTED_INCLUDE_IN_FRAMEWORK_HEADER = YES;
				CLANG_WARN_RANGE_LOOP_ANALYSIS = YES;
				CLANG_WARN_STRICT_PROTOTYPES = YES;
				CLANG_WARN_SUSPICIOUS_MOVE = YES;
				CLANG_WARN_UNGUARDED_AVAILABILITY = YES_AGGRESSIVE;
				CLANG_WARN_UNREACHABLE_CODE = YES;
				CLANG_WARN__DUPLICATE_METHOD_MATCH = YES;
				COPY_PHASE_STRIP = NO;
				DEAD_CODE_STRIPPING = YES;
				DEBUG_INFORMATION_FORMAT = "dwarf-with-dsym";
				ENABLE_NS_ASSERTIONS = NO;
				ENABLE_STRICT_OBJC_MSGSEND = YES;
				GCC_C_LANGUAGE_STANDARD = gnu11;
				GCC_NO_COMMON_BLOCKS = YES;
				GCC_WARN_64_TO_32_BIT_CONVERSION = YES;
				GCC_WARN_ABOUT_RETURN_TYPE = YES_ERROR;
				GCC_WARN_UNDECLARED_SELECTOR = YES;
				GCC_WARN_UNINITIALIZED_AUTOS = YES_AGGRESSIVE;
				GCC_WARN_UNUSED_FUNCTION = YES;
				GCC_WARN_UNUSED_VARIABLE = YES;
				MTL_ENABLE_DEBUG_INFO = NO;
				MTL_FAST_MATH = YES;
				SWIFT_COMPILATION_MODE = wholemodule;
				SWIFT_OPTIMIZATION_LEVEL = "-O";
			};
			name = Release;
		};
		04FEB40B29070B6B008844DE /* Debug */ = {
			isa = XCBuildConfiguration;
			buildSettings = {
				ASSETCATALOG_COMPILER_APPICON_NAME = AppIcon;
				ASSETCATALOG_COMPILER_GLOBAL_ACCENT_COLOR_NAME = AccentColor;
				CODE_SIGN_STYLE = Automatic;
				CURRENT_PROJECT_VERSION = 4;
				DEVELOPMENT_TEAM = 592KCLFVZ9;
				ENABLE_PREVIEWS = YES;
				FRAMEWORK_SEARCH_PATHS = "$(SRCROOT)";
				GENERATE_INFOPLIST_FILE = YES;
				INFOPLIST_FILE = "ORO--iOS--Info.plist";
				INFOPLIST_KEY_CFBundleDisplayName = ORO;
				INFOPLIST_KEY_NSMicrophoneUsageDescription = Record;
				INFOPLIST_KEY_NSSpeechRecognitionUsageDescription = "speech to audio";
				INFOPLIST_KEY_UIApplicationSceneManifest_Generation = YES;
				INFOPLIST_KEY_UIApplicationSupportsIndirectInputEvents = YES;
				INFOPLIST_KEY_UILaunchScreen_Generation = YES;
				INFOPLIST_KEY_UISupportedInterfaceOrientations_iPad = "UIInterfaceOrientationPortrait UIInterfaceOrientationPortraitUpsideDown UIInterfaceOrientationLandscapeLeft UIInterfaceOrientationLandscapeRight";
				INFOPLIST_KEY_UISupportedInterfaceOrientations_iPhone = "UIInterfaceOrientationPortrait UIInterfaceOrientationLandscapeLeft UIInterfaceOrientationLandscapeRight";
				IPHONEOS_DEPLOYMENT_TARGET = 15.2;
				LD_RUNPATH_SEARCH_PATHS = (
					"$(inherited)",
					"@executable_path/Frameworks",
				);
				MARKETING_VERSION = 1.0;
				PRODUCT_BUNDLE_IDENTIFIER = app.oro;
				PRODUCT_NAME = ORO;
				SDKROOT = iphoneos;
				SWIFT_EMIT_LOC_STRINGS = YES;
				SWIFT_VERSION = 5.0;
				TARGETED_DEVICE_FAMILY = "1,2";
			};
			name = Debug;
		};
		04FEB40C29070B6B008844DE /* Release */ = {
			isa = XCBuildConfiguration;
			buildSettings = {
				ASSETCATALOG_COMPILER_APPICON_NAME = AppIcon;
				ASSETCATALOG_COMPILER_GLOBAL_ACCENT_COLOR_NAME = AccentColor;
				CODE_SIGN_STYLE = Automatic;
				CURRENT_PROJECT_VERSION = 4;
				DEVELOPMENT_TEAM = 592KCLFVZ9;
				ENABLE_PREVIEWS = YES;
				FRAMEWORK_SEARCH_PATHS = "$(SRCROOT)";
				GENERATE_INFOPLIST_FILE = YES;
				INFOPLIST_FILE = "ORO--iOS--Info.plist";
				INFOPLIST_KEY_CFBundleDisplayName = ORO;
				INFOPLIST_KEY_NSMicrophoneUsageDescription = Record;
				INFOPLIST_KEY_NSSpeechRecognitionUsageDescription = "speech to audio";
				INFOPLIST_KEY_UIApplicationSceneManifest_Generation = YES;
				INFOPLIST_KEY_UIApplicationSupportsIndirectInputEvents = YES;
				INFOPLIST_KEY_UILaunchScreen_Generation = YES;
				INFOPLIST_KEY_UISupportedInterfaceOrientations_iPad = "UIInterfaceOrientationPortrait UIInterfaceOrientationPortraitUpsideDown UIInterfaceOrientationLandscapeLeft UIInterfaceOrientationLandscapeRight";
				INFOPLIST_KEY_UISupportedInterfaceOrientations_iPhone = "UIInterfaceOrientationPortrait UIInterfaceOrientationLandscapeLeft UIInterfaceOrientationLandscapeRight";
				IPHONEOS_DEPLOYMENT_TARGET = 15.2;
				LD_RUNPATH_SEARCH_PATHS = (
					"$(inherited)",
					"@executable_path/Frameworks",
				);
				MARKETING_VERSION = 1.0;
				PRODUCT_BUNDLE_IDENTIFIER = app.oro;
				PRODUCT_NAME = ORO;
				SDKROOT = iphoneos;
				SWIFT_EMIT_LOC_STRINGS = YES;
				SWIFT_VERSION = 5.0;
				TARGETED_DEVICE_FAMILY = "1,2";
				VALIDATE_PRODUCT = YES;
			};
			name = Release;
		};
		04FEB40E29070B6B008844DE /* Debug */ = {
			isa = XCBuildConfiguration;
			buildSettings = {
				ASSETCATALOG_COMPILER_APPICON_NAME = AppIcon;
				ASSETCATALOG_COMPILER_GLOBAL_ACCENT_COLOR_NAME = AccentColor;
				CODE_SIGN_ENTITLEMENTS = macOS/macOS.entitlements;
				CODE_SIGN_IDENTITY = "-";
				CODE_SIGN_STYLE = Automatic;
				COMBINE_HIDPI_IMAGES = YES;
				CURRENT_PROJECT_VERSION = 1;
				DEAD_CODE_STRIPPING = YES;
				ENABLE_PREVIEWS = YES;
				GENERATE_INFOPLIST_FILE = YES;
				INFOPLIST_KEY_NSHumanReadableCopyright = "";
				LD_RUNPATH_SEARCH_PATHS = (
					"$(inherited)",
					"@executable_path/../Frameworks",
				);
				MACOSX_DEPLOYMENT_TARGET = 11.7;
				MARKETING_VERSION = 1.0;
				PRODUCT_BUNDLE_IDENTIFIER = app.oro;
				PRODUCT_NAME = ORO;
				SDKROOT = macosx;
				SWIFT_EMIT_LOC_STRINGS = YES;
				SWIFT_VERSION = 5.0;
			};
			name = Debug;
		};
		04FEB40F29070B6B008844DE /* Release */ = {
			isa = XCBuildConfiguration;
			buildSettings = {
				ASSETCATALOG_COMPILER_APPICON_NAME = AppIcon;
				ASSETCATALOG_COMPILER_GLOBAL_ACCENT_COLOR_NAME = AccentColor;
				CODE_SIGN_ENTITLEMENTS = macOS/macOS.entitlements;
				CODE_SIGN_IDENTITY = "-";
				CODE_SIGN_STYLE = Automatic;
				COMBINE_HIDPI_IMAGES = YES;
				CURRENT_PROJECT_VERSION = 1;
				DEAD_CODE_STRIPPING = YES;
				ENABLE_PREVIEWS = YES;
				GENERATE_INFOPLIST_FILE = YES;
				INFOPLIST_KEY_NSHumanReadableCopyright = "";
				LD_RUNPATH_SEARCH_PATHS = (
					"$(inherited)",
					"@executable_path/../Frameworks",
				);
				MACOSX_DEPLOYMENT_TARGET = 11.7;
				MARKETING_VERSION = 1.0;
				PRODUCT_BUNDLE_IDENTIFIER = app.oro;
				PRODUCT_NAME = ORO;
				SDKROOT = macosx;
				SWIFT_EMIT_LOC_STRINGS = YES;
				SWIFT_VERSION = 5.0;
			};
			name = Release;
		};
		04FEB41129070B6B008844DE /* Debug */ = {
			isa = XCBuildConfiguration;
			buildSettings = {
				ALWAYS_EMBED_SWIFT_STANDARD_LIBRARIES = YES;
				CODE_SIGN_STYLE = Automatic;
				CURRENT_PROJECT_VERSION = 1;
				GENERATE_INFOPLIST_FILE = YES;
				IPHONEOS_DEPLOYMENT_TARGET = 15.2;
				MARKETING_VERSION = 1.0;
				PRODUCT_BUNDLE_IDENTIFIER = "com.oro.ios.Tests-iOS";
				PRODUCT_NAME = "$(TARGET_NAME)";
				SDKROOT = iphoneos;
				SWIFT_EMIT_LOC_STRINGS = NO;
				SWIFT_VERSION = 5.0;
				TARGETED_DEVICE_FAMILY = "1,2";
				TEST_TARGET_NAME = "ORO (iOS)";
			};
			name = Debug;
		};
		04FEB41229070B6B008844DE /* Release */ = {
			isa = XCBuildConfiguration;
			buildSettings = {
				ALWAYS_EMBED_SWIFT_STANDARD_LIBRARIES = YES;
				CODE_SIGN_STYLE = Automatic;
				CURRENT_PROJECT_VERSION = 1;
				GENERATE_INFOPLIST_FILE = YES;
				IPHONEOS_DEPLOYMENT_TARGET = 15.2;
				MARKETING_VERSION = 1.0;
				PRODUCT_BUNDLE_IDENTIFIER = "com.oro.ios.Tests-iOS";
				PRODUCT_NAME = "$(TARGET_NAME)";
				SDKROOT = iphoneos;
				SWIFT_EMIT_LOC_STRINGS = NO;
				SWIFT_VERSION = 5.0;
				TARGETED_DEVICE_FAMILY = "1,2";
				TEST_TARGET_NAME = "ORO (iOS)";
				VALIDATE_PRODUCT = YES;
			};
			name = Release;
		};
		04FEB41429070B6B008844DE /* Debug */ = {
			isa = XCBuildConfiguration;
			buildSettings = {
				ALWAYS_EMBED_SWIFT_STANDARD_LIBRARIES = YES;
				CODE_SIGN_STYLE = Automatic;
				CURRENT_PROJECT_VERSION = 1;
				DEAD_CODE_STRIPPING = YES;
				GENERATE_INFOPLIST_FILE = YES;
				MACOSX_DEPLOYMENT_TARGET = 11.7;
				MARKETING_VERSION = 1.0;
				PRODUCT_BUNDLE_IDENTIFIER = "com.oro.ios.Tests-macOS";
				PRODUCT_NAME = "$(TARGET_NAME)";
				SDKROOT = macosx;
				SWIFT_EMIT_LOC_STRINGS = NO;
				SWIFT_VERSION = 5.0;
				TEST_TARGET_NAME = "ORO (macOS)";
			};
			name = Debug;
		};
		04FEB41529070B6B008844DE /* Release */ = {
			isa = XCBuildConfiguration;
			buildSettings = {
				ALWAYS_EMBED_SWIFT_STANDARD_LIBRARIES = YES;
				CODE_SIGN_STYLE = Automatic;
				CURRENT_PROJECT_VERSION = 1;
				DEAD_CODE_STRIPPING = YES;
				GENERATE_INFOPLIST_FILE = YES;
				MACOSX_DEPLOYMENT_TARGET = 11.7;
				MARKETING_VERSION = 1.0;
				PRODUCT_BUNDLE_IDENTIFIER = "com.oro.ios.Tests-macOS";
				PRODUCT_NAME = "$(TARGET_NAME)";
				SDKROOT = macosx;
				SWIFT_EMIT_LOC_STRINGS = NO;
				SWIFT_VERSION = 5.0;
				TEST_TARGET_NAME = "ORO (macOS)";
			};
			name = Release;
		};
/* End XCBuildConfiguration section */

/* Begin XCConfigurationList section */
		04FEB3D829070B65008844DE /* Build configuration list for PBXProject "ORO" */ = {
			isa = XCConfigurationList;
			buildConfigurations = (
				04FEB40829070B6B008844DE /* Debug */,
				04FEB40929070B6B008844DE /* Release */,
			);
			defaultConfigurationIsVisible = 0;
			defaultConfigurationName = Release;
		};
		04FEB40A29070B6B008844DE /* Build configuration list for PBXNativeTarget "ORO (iOS)" */ = {
			isa = XCConfigurationList;
			buildConfigurations = (
				04FEB40B29070B6B008844DE /* Debug */,
				04FEB40C29070B6B008844DE /* Release */,
			);
			defaultConfigurationIsVisible = 0;
			defaultConfigurationName = Release;
		};
		04FEB40D29070B6B008844DE /* Build configuration list for PBXNativeTarget "ORO (macOS)" */ = {
			isa = XCConfigurationList;
			buildConfigurations = (
				04FEB40E29070B6B008844DE /* Debug */,
				04FEB40F29070B6B008844DE /* Release */,
			);
			defaultConfigurationIsVisible = 0;
			defaultConfigurationName = Release;
		};
		04FEB41029070B6B008844DE /* Build configuration list for PBXNativeTarget "Tests iOS" */ = {
			isa = XCConfigurationList;
			buildConfigurations = (
				04FEB41129070B6B008844DE /* Debug */,
				04FEB41229070B6B008844DE /* Release */,
			);
			defaultConfigurationIsVisible = 0;
			defaultConfigurationName = Release;
		};
		04FEB41329070B6B008844DE /* Build configuration list for PBXNativeTarget "Tests macOS" */ = {
			isa = XCConfigurationList;
			buildConfigurations = (
				04FEB41429070B6B008844DE /* Debug */,
				04FEB41529070B6B008844DE /* Release */,
			);
			defaultConfigurationIsVisible = 0;
			defaultConfigurationName = Release;
		};
/* End XCConfigurationList section */

/* Begin XCRemoteSwiftPackageReference section */
		A724566E2930D14A00FA4F19 /* XCRemoteSwiftPackageReference "DSWaveformImage" */ = {
			isa = XCRemoteSwiftPackageReference;
			repositoryURL = "https://github.com/dmrschmidt/DSWaveformImage";
			requirement = {
				kind = upToNextMajorVersion;
				minimumVersion = 9.0.0;
			};
		};
		A72F7F122922B15C00C093F4 /* XCRemoteSwiftPackageReference "Waveform" */ = {
			isa = XCRemoteSwiftPackageReference;
			repositoryURL = "https://github.com/pixlwave/Waveform";
			requirement = {
				branch = main;
				kind = branch;
			};
		};
		A77AED2D29270620008525C6 /* XCRemoteSwiftPackageReference "Starscream" */ = {
			isa = XCRemoteSwiftPackageReference;
			repositoryURL = "https://github.com/daltoniam/Starscream";
			requirement = {
				kind = upToNextMajorVersion;
				minimumVersion = 4.0.0;
			};
		};
		A77AED3029272B7A008525C6 /* XCRemoteSwiftPackageReference "swiftui-gif" */ = {
			isa = XCRemoteSwiftPackageReference;
			repositoryURL = "https://github.com/globulus/swiftui-gif";
			requirement = {
				kind = upToNextMajorVersion;
				minimumVersion = 1.0.0;
			};
		};
		A7C077E6291E6F040011C3A6 /* XCRemoteSwiftPackageReference "firebase-ios-sdk" */ = {
			isa = XCRemoteSwiftPackageReference;
			repositoryURL = "https://github.com/firebase/firebase-ios-sdk";
			requirement = {
				branch = master;
				kind = branch;
			};
		};
/* End XCRemoteSwiftPackageReference section */

/* Begin XCSwiftPackageProductDependency section */
		A724566F2930D14A00FA4F19 /* DSWaveformImage */ = {
			isa = XCSwiftPackageProductDependency;
			package = A724566E2930D14A00FA4F19 /* XCRemoteSwiftPackageReference "DSWaveformImage" */;
			productName = DSWaveformImage;
		};
		A72F7F132922B15C00C093F4 /* Waveform */ = {
			isa = XCSwiftPackageProductDependency;
			package = A72F7F122922B15C00C093F4 /* XCRemoteSwiftPackageReference "Waveform" */;
			productName = Waveform;
		};
		A746431E2925E2BC006A080B /* FirebaseDatabaseSwift */ = {
			isa = XCSwiftPackageProductDependency;
			package = A7C077E6291E6F040011C3A6 /* XCRemoteSwiftPackageReference "firebase-ios-sdk" */;
			productName = FirebaseDatabaseSwift;
		};
		A74643202925E77A006A080B /* FirebaseAnalyticsSwift */ = {
			isa = XCSwiftPackageProductDependency;
			package = A7C077E6291E6F040011C3A6 /* XCRemoteSwiftPackageReference "firebase-ios-sdk" */;
			productName = FirebaseAnalyticsSwift;
		};
		A77AED2E29270620008525C6 /* Starscream */ = {
			isa = XCSwiftPackageProductDependency;
			package = A77AED2D29270620008525C6 /* XCRemoteSwiftPackageReference "Starscream" */;
			productName = Starscream;
		};
		A77AED3129272B7A008525C6 /* SwiftUIGIF */ = {
			isa = XCSwiftPackageProductDependency;
			package = A77AED3029272B7A008525C6 /* XCRemoteSwiftPackageReference "swiftui-gif" */;
			productName = SwiftUIGIF;
		};
		A7C077E7291E6F040011C3A6 /* FirebaseAnalytics */ = {
			isa = XCSwiftPackageProductDependency;
			package = A7C077E6291E6F040011C3A6 /* XCRemoteSwiftPackageReference "firebase-ios-sdk" */;
			productName = FirebaseAnalytics;
		};
		A7C077E9291E6F040011C3A6 /* FirebaseAuth */ = {
			isa = XCSwiftPackageProductDependency;
			package = A7C077E6291E6F040011C3A6 /* XCRemoteSwiftPackageReference "firebase-ios-sdk" */;
			productName = FirebaseAuth;
		};
		A7C077EB291E6F040011C3A6 /* FirebaseDatabase */ = {
			isa = XCSwiftPackageProductDependency;
			package = A7C077E6291E6F040011C3A6 /* XCRemoteSwiftPackageReference "firebase-ios-sdk" */;
			productName = FirebaseDatabase;
		};
		A7C077ED291E6F040011C3A6 /* FirebaseFirestore */ = {
			isa = XCSwiftPackageProductDependency;
			package = A7C077E6291E6F040011C3A6 /* XCRemoteSwiftPackageReference "firebase-ios-sdk" */;
			productName = FirebaseFirestore;
		};
		A7C077EF291E6F040011C3A6 /* FirebaseMessaging */ = {
			isa = XCSwiftPackageProductDependency;
			package = A7C077E6291E6F040011C3A6 /* XCRemoteSwiftPackageReference "firebase-ios-sdk" */;
			productName = FirebaseMessaging;
		};
		A7C077F1291E6F040011C3A6 /* FirebaseStorage */ = {
			isa = XCSwiftPackageProductDependency;
			package = A7C077E6291E6F040011C3A6 /* XCRemoteSwiftPackageReference "firebase-ios-sdk" */;
			productName = FirebaseStorage;
		};
/* End XCSwiftPackageProductDependency section */
	};
	rootObject = 04FEB3D529070B65008844DE /* Project object */;
}
